// !$*UTF8*$!
{
	archiveVersion = 1;
	classes = {
	};
	objectVersion = 56;
	objects = {

/* Begin PBXBuildFile section */
		3F21B3B82B7264B400BF67F7 /* SplashView.swift in Sources */ = {isa = PBXBuildFile; fileRef = 3F21B3B72B7264B400BF67F7 /* SplashView.swift */; };
		3F2652FB2B7AF2060065DFA5 /* FoodThemeView.swift in Sources */ = {isa = PBXBuildFile; fileRef = 3F2652FA2B7AF2060065DFA5 /* FoodThemeView.swift */; };
		3F2652FD2B7C3E180065DFA5 /* HouseholdCompositionView.swift in Sources */ = {isa = PBXBuildFile; fileRef = 3F2652FC2B7C3E180065DFA5 /* HouseholdCompositionView.swift */; };
		3F4C10CE2B73EA3200D6DA1B /* Assets.xcassets in Resources */ = {isa = PBXBuildFile; fileRef = 3F4C10902B73EA3100D6DA1B /* Assets.xcassets */; };
		3F4C10CF2B73EA3200D6DA1B /* Preview Assets.xcassets in Resources */ = {isa = PBXBuildFile; fileRef = 3F4C10922B73EA3100D6DA1B /* Preview Assets.xcassets */; };
		3F4C10D12B73EA3200D6DA1B /* Util.swift in Sources */ = {isa = PBXBuildFile; fileRef = 3F4C10952B73EA3100D6DA1B /* Util.swift */; };
		3F4C10D22B73EA3200D6DA1B /* Ex.swift in Sources */ = {isa = PBXBuildFile; fileRef = 3F4C10972B73EA3100D6DA1B /* Ex.swift */; };
		3F4C10D42B73EA3200D6DA1B /* EatCookApp.swift in Sources */ = {isa = PBXBuildFile; fileRef = 3F4C109A2B73EA3100D6DA1B /* EatCookApp.swift */; };
		3F4C10D52B73EA3200D6DA1B /* EatCookRepository.swift in Sources */ = {isa = PBXBuildFile; fileRef = 3F4C109D2B73EA3100D6DA1B /* EatCookRepository.swift */; };
		3F4C10D82B73EA3200D6DA1B /* HomeViewModel.swift in Sources */ = {isa = PBXBuildFile; fileRef = 3F4C10A62B73EA3100D6DA1B /* HomeViewModel.swift */; };
		3F4C10D92B73EA3200D6DA1B /* HomeView.swift in Sources */ = {isa = PBXBuildFile; fileRef = 3F4C10A82B73EA3100D6DA1B /* HomeView.swift */; };
		3F4C10DA2B73EA3200D6DA1B /* RecipeViewModel.swift in Sources */ = {isa = PBXBuildFile; fileRef = 3F4C10AC2B73EA3100D6DA1B /* RecipeViewModel.swift */; };
		3F4C10DB2B73EA3200D6DA1B /* RecipeView.swift in Sources */ = {isa = PBXBuildFile; fileRef = 3F4C10AE2B73EA3100D6DA1B /* RecipeView.swift */; };
		3F4C10DC2B73EA3200D6DA1B /* FeedViewModel.swift in Sources */ = {isa = PBXBuildFile; fileRef = 3F4C10B12B73EA3100D6DA1B /* FeedViewModel.swift */; };
		3F4C10DD2B73EA3200D6DA1B /* FeedView.swift in Sources */ = {isa = PBXBuildFile; fileRef = 3F4C10B32B73EA3100D6DA1B /* FeedView.swift */; };
		3F4C10DE2B73EA3200D6DA1B /* UserProfileViewModel.swift in Sources */ = {isa = PBXBuildFile; fileRef = 3F4C10B62B73EA3100D6DA1B /* UserProfileViewModel.swift */; };
		3F4C10DF2B73EA3200D6DA1B /* UserProfileView.swift in Sources */ = {isa = PBXBuildFile; fileRef = 3F4C10B82B73EA3100D6DA1B /* UserProfileView.swift */; };
		3F4C10E02B73EA3200D6DA1B /* SearchViewModel.swift in Sources */ = {isa = PBXBuildFile; fileRef = 3F4C10BB2B73EA3100D6DA1B /* SearchViewModel.swift */; };
		3F4C10E12B73EA3200D6DA1B /* SearchView.swift in Sources */ = {isa = PBXBuildFile; fileRef = 3F4C10BD2B73EA3100D6DA1B /* SearchView.swift */; };
		3F4C10E22B73EA3200D6DA1B /* ProfileViewModel.swift in Sources */ = {isa = PBXBuildFile; fileRef = 3F4C10C02B73EA3100D6DA1B /* ProfileViewModel.swift */; };
		3F4C10E32B73EA3200D6DA1B /* ProfileView.swift in Sources */ = {isa = PBXBuildFile; fileRef = 3F4C10C22B73EA3100D6DA1B /* ProfileView.swift */; };
		3F4C10E42B73EA3200D6DA1B /* AuthViewModel.swift in Sources */ = {isa = PBXBuildFile; fileRef = 3F4C10C52B73EA3100D6DA1B /* AuthViewModel.swift */; };
		3F4C10E52B73EA3200D6DA1B /* AuthView.swift in Sources */ = {isa = PBXBuildFile; fileRef = 3F4C10C72B73EA3200D6DA1B /* AuthView.swift */; };
		3F4C10E62B73EA3200D6DA1B /* ContentView.swift in Sources */ = {isa = PBXBuildFile; fileRef = 3F4C10C82B73EA3200D6DA1B /* ContentView.swift */; };
		3F4C10E72B73EA3200D6DA1B /* LoginViewModel.swift in Sources */ = {isa = PBXBuildFile; fileRef = 3F4C10CB2B73EA3200D6DA1B /* LoginViewModel.swift */; };
		3F4C10E82B73EA3200D6DA1B /* LoginView.swift in Sources */ = {isa = PBXBuildFile; fileRef = 3F4C10CD2B73EA3200D6DA1B /* LoginView.swift */; };
		3F4C10EC2B773DDA00D6DA1B /* EmailAuthView.swift in Sources */ = {isa = PBXBuildFile; fileRef = 3F4C10EB2B773DDA00D6DA1B /* EmailAuthView.swift */; };
		3F4C10EF2B77BEA500D6DA1B /* CustomTextFieldModifier.swift in Sources */ = {isa = PBXBuildFile; fileRef = 3F4C10EE2B77BEA500D6DA1B /* CustomTextFieldModifier.swift */; };
		3F4C10F12B77C38600D6DA1B /* PasswordCheckView.swift in Sources */ = {isa = PBXBuildFile; fileRef = 3F4C10F02B77C38600D6DA1B /* PasswordCheckView.swift */; };
		3F4C10F32B7A4FCC00D6DA1B /* StartPopupView.swift in Sources */ = {isa = PBXBuildFile; fileRef = 3F4C10F22B7A4FCC00D6DA1B /* StartPopupView.swift */; };
		3F4C10F92B7A640600D6DA1B /* CreateProfileView.swift in Sources */ = {isa = PBXBuildFile; fileRef = 3F4C10F82B7A640600D6DA1B /* CreateProfileView.swift */; };
		E52261312BEB63F300ECC939 /* EmailValidationViewModel.swift in Sources */ = {isa = PBXBuildFile; fileRef = E52261302BEB63F300ECC939 /* EmailValidationViewModel.swift */; };
		E535A31B2C04604200E767EC /* ToastView.swift in Sources */ = {isa = PBXBuildFile; fileRef = E535A31A2C04604200E767EC /* ToastView.swift */; };
		E55965342C059C38002B3E75 /* AppleLoginButtonView.swift in Sources */ = {isa = PBXBuildFile; fileRef = E55965332C059C38002B3E75 /* AppleLoginButtonView.swift */; };
		E55965372C0986FB002B3E75 /* KakaoSDK in Frameworks */ = {isa = PBXBuildFile; productRef = E55965362C0986FB002B3E75 /* KakaoSDK */; };
		E56146492C01D01700CA1991 /* EmailLoginView.swift in Sources */ = {isa = PBXBuildFile; fileRef = E56146482C01D01700CA1991 /* EmailLoginView.swift */; };
		E561464B2C01D02800CA1991 /* EmailLoginViewModel.swift in Sources */ = {isa = PBXBuildFile; fileRef = E561464A2C01D02800CA1991 /* EmailLoginViewModel.swift */; };
		E561464D2C01E94200CA1991 /* DataStorage.swift in Sources */ = {isa = PBXBuildFile; fileRef = E561464C2C01E94200CA1991 /* DataStorage.swift */; };
		E58512C52BF9FDB000E1D877 /* PasswordCheckViewModel.swift in Sources */ = {isa = PBXBuildFile; fileRef = E58512C42BF9FDB000E1D877 /* PasswordCheckViewModel.swift */; };
		E58512C72BFA00DE00E1D877 /* PasswordCheck.swift in Sources */ = {isa = PBXBuildFile; fileRef = E58512C62BFA00DE00E1D877 /* PasswordCheck.swift */; };
		E5A015B72C12E4D600D9AB1F /* Color.swift in Sources */ = {isa = PBXBuildFile; fileRef = E5A015B62C12E4D600D9AB1F /* Color.swift */; };
		E5AEE8962BF739EA00A4EF40 /* UserService.swift in Sources */ = {isa = PBXBuildFile; fileRef = E5AEE8952BF739EA00A4EF40 /* UserService.swift */; };
		E5AEE89A2BF73B6500A4EF40 /* EmailRequest.swift in Sources */ = {isa = PBXBuildFile; fileRef = E5AEE8992BF73B6500A4EF40 /* EmailRequest.swift */; };
		E5AEE89C2BF73B7C00A4EF40 /* EmailVerify.swift in Sources */ = {isa = PBXBuildFile; fileRef = E5AEE89B2BF73B7C00A4EF40 /* EmailVerify.swift */; };
		E5AEE89F2BF73CC500A4EF40 /* BaseStruct.swift in Sources */ = {isa = PBXBuildFile; fileRef = E5AEE89E2BF73CC500A4EF40 /* BaseStruct.swift */; };
		E5AEE8A12BF73D6900A4EF40 /* APIClient.swift in Sources */ = {isa = PBXBuildFile; fileRef = E5AEE8A02BF73D6900A4EF40 /* APIClient.swift */; };
		E5DE18342C2172610026E756 /* SearchService.swift in Sources */ = {isa = PBXBuildFile; fileRef = E5DE18332C2172610026E756 /* SearchService.swift */; };
		E5F520152BCFB89400CEA96B /* CustomTabView.swift in Sources */ = {isa = PBXBuildFile; fileRef = E5F520142BCFB89400CEA96B /* CustomTabView.swift */; };
		F66E2D052B8CCEB400524B8B /* EatCookRepositoryType.swift in Sources */ = {isa = PBXBuildFile; fileRef = F66E2D042B8CCEB400524B8B /* EatCookRepositoryType.swift */; };
		F66E2D072B8CCEFB00524B8B /* HTTPError.swift in Sources */ = {isa = PBXBuildFile; fileRef = F66E2D062B8CCEFB00524B8B /* HTTPError.swift */; };
		F66E2D092B8CCF0000524B8B /* NetworkError.swift in Sources */ = {isa = PBXBuildFile; fileRef = F66E2D082B8CCF0000524B8B /* NetworkError.swift */; };
		F66E2D0B2B8CCF2A00524B8B /* HTTPMethod.swift in Sources */ = {isa = PBXBuildFile; fileRef = F66E2D0A2B8CCF2A00524B8B /* HTTPMethod.swift */; };
		F66E2D0D2B8CCF7100524B8B /* HTTPTask.swift in Sources */ = {isa = PBXBuildFile; fileRef = F66E2D0C2B8CCF7100524B8B /* HTTPTask.swift */; };
		F66E2D0F2B8CCFC400524B8B /* URLRequestable.swift in Sources */ = {isa = PBXBuildFile; fileRef = F66E2D0E2B8CCFC400524B8B /* URLRequestable.swift */; };
		F66E2D112B8CCFDE00524B8B /* NetworkProviderImpl.swift in Sources */ = {isa = PBXBuildFile; fileRef = F66E2D102B8CCFDE00524B8B /* NetworkProviderImpl.swift */; };
		F66E2D132B8CCFE400524B8B /* NetworkProvider.swift in Sources */ = {isa = PBXBuildFile; fileRef = F66E2D122B8CCFE400524B8B /* NetworkProvider.swift */; };
		F66E2D152B8CCFEA00524B8B /* EndPoint.swift in Sources */ = {isa = PBXBuildFile; fileRef = F66E2D142B8CCFEA00524B8B /* EndPoint.swift */; };
		F66E2D182B8CD12200524B8B /* NetworkManager.swift in Sources */ = {isa = PBXBuildFile; fileRef = F66E2D172B8CD12200524B8B /* NetworkManager.swift */; };
		F66E2D1A2B8CD16100524B8B /* Environment.swift in Sources */ = {isa = PBXBuildFile; fileRef = F66E2D192B8CD16100524B8B /* Environment.swift */; };
		F66E2D1C2B8CD1F700524B8B /* AuthAPI.swift in Sources */ = {isa = PBXBuildFile; fileRef = F66E2D1B2B8CD1F700524B8B /* AuthAPI.swift */; };
		F66E2D1E2B8CD1FD00524B8B /* LoginAPI.swift in Sources */ = {isa = PBXBuildFile; fileRef = F66E2D1D2B8CD1FD00524B8B /* LoginAPI.swift */; };
		F66E2D202B8CD20A00524B8B /* CookTalkAPI.swift in Sources */ = {isa = PBXBuildFile; fileRef = F66E2D1F2B8CD20A00524B8B /* CookTalkAPI.swift */; };
		F66E2D2F2B8CD41E00524B8B /* LoginResponseDTO.swift in Sources */ = {isa = PBXBuildFile; fileRef = F66E2D2E2B8CD41E00524B8B /* LoginResponseDTO.swift */; };
		F66E2D312B8CD4C100524B8B /* HTTPHeaderField.swift in Sources */ = {isa = PBXBuildFile; fileRef = F66E2D302B8CD4C100524B8B /* HTTPHeaderField.swift */; };
		F69B6DB32B80BFCA00EFB467 /* ScrollOffset.swift in Sources */ = {isa = PBXBuildFile; fileRef = F69B6DB22B80BFCA00EFB467 /* ScrollOffset.swift */; };
		F69B6DB62B80D80500EFB467 /* TabCase.swift in Sources */ = {isa = PBXBuildFile; fileRef = F69B6DB52B80D80500EFB467 /* TabCase.swift */; };
		F69B6DBA2B80D90400EFB467 /* FeedTabIndicatorView.swift in Sources */ = {isa = PBXBuildFile; fileRef = F69B6DB92B80D90400EFB467 /* FeedTabIndicatorView.swift */; };
		F69B6DBC2B80D90A00EFB467 /* FeedRowView.swift in Sources */ = {isa = PBXBuildFile; fileRef = F69B6DBB2B80D90A00EFB467 /* FeedRowView.swift */; };
		F69B6DBE2B80DC5C00EFB467 /* FeedContainerView.swift in Sources */ = {isa = PBXBuildFile; fileRef = F69B6DBD2B80DC5C00EFB467 /* FeedContainerView.swift */; };
		F69B6DC62B80EDD600EFB467 /* EmptyImageView.swift in Sources */ = {isa = PBXBuildFile; fileRef = F69B6DC52B80EDD600EFB467 /* EmptyImageView.swift */; };
		F6C80AE32B80A60100001924 /* TabIndicatorView.swift in Sources */ = {isa = PBXBuildFile; fileRef = F6C80AE22B80A60100001924 /* TabIndicatorView.swift */; };
		F6C80AE52B80A62C00001924 /* RecipeContainerView.swift in Sources */ = {isa = PBXBuildFile; fileRef = F6C80AE42B80A62C00001924 /* RecipeContainerView.swift */; };
		F6C80AE72B80A63A00001924 /* IngredientsContainerView.swift in Sources */ = {isa = PBXBuildFile; fileRef = F6C80AE62B80A63A00001924 /* IngredientsContainerView.swift */; };
		F6C80AE92B80AB1900001924 /* RecipeContainerRowView.swift in Sources */ = {isa = PBXBuildFile; fileRef = F6C80AE82B80AB1900001924 /* RecipeContainerRowView.swift */; };
		F6F9FB522BA1A82600AEF22E /* CustomBorderModifier.swift in Sources */ = {isa = PBXBuildFile; fileRef = F6F9FB512BA1A82600AEF22E /* CustomBorderModifier.swift */; };
		F6F9FB552BA1A8B500AEF22E /* NavigationPathFinder.swift in Sources */ = {isa = PBXBuildFile; fileRef = F6F9FB542BA1A8B500AEF22E /* NavigationPathFinder.swift */; };
		F6F9FB582BA1A9CE00AEF22E /* RecipeCreateViewModel.swift in Sources */ = {isa = PBXBuildFile; fileRef = F6F9FB572BA1A9CE00AEF22E /* RecipeCreateViewModel.swift */; };
		F6F9FB5E2BA1AA0100AEF22E /* TagField.swift in Sources */ = {isa = PBXBuildFile; fileRef = F6F9FB592BA1AA0100AEF22E /* TagField.swift */; };
		F6F9FB5F2BA1AA0100AEF22E /* TagLayout.swift in Sources */ = {isa = PBXBuildFile; fileRef = F6F9FB5A2BA1AA0100AEF22E /* TagLayout.swift */; };
		F6F9FB602BA1AA0100AEF22E /* ImagePicker.swift in Sources */ = {isa = PBXBuildFile; fileRef = F6F9FB5B2BA1AA0100AEF22E /* ImagePicker.swift */; };
		F6F9FB612BA1AA0100AEF22E /* TimerPickerView.swift in Sources */ = {isa = PBXBuildFile; fileRef = F6F9FB5C2BA1AA0100AEF22E /* TimerPickerView.swift */; };
		F6F9FB622BA1AA0100AEF22E /* DropdownView.swift in Sources */ = {isa = PBXBuildFile; fileRef = F6F9FB5D2BA1AA0100AEF22E /* DropdownView.swift */; };
		F6F9FB662BA1AA1000AEF22E /* RecipeTagView.swift in Sources */ = {isa = PBXBuildFile; fileRef = F6F9FB632BA1AA1000AEF22E /* RecipeTagView.swift */; };
		F6F9FB672BA1AA1000AEF22E /* RecipeStepView.swift in Sources */ = {isa = PBXBuildFile; fileRef = F6F9FB642BA1AA1000AEF22E /* RecipeStepView.swift */; };
		F6F9FB682BA1AA1000AEF22E /* RecipeCreateView.swift in Sources */ = {isa = PBXBuildFile; fileRef = F6F9FB652BA1AA1000AEF22E /* RecipeCreateView.swift */; };
/* End PBXBuildFile section */

/* Begin PBXFileReference section */
		3F21B3B72B7264B400BF67F7 /* SplashView.swift */ = {isa = PBXFileReference; lastKnownFileType = sourcecode.swift; path = SplashView.swift; sourceTree = "<group>"; };
		3F2652FA2B7AF2060065DFA5 /* FoodThemeView.swift */ = {isa = PBXFileReference; lastKnownFileType = sourcecode.swift; path = FoodThemeView.swift; sourceTree = "<group>"; };
		3F2652FC2B7C3E180065DFA5 /* HouseholdCompositionView.swift */ = {isa = PBXFileReference; lastKnownFileType = sourcecode.swift; path = HouseholdCompositionView.swift; sourceTree = "<group>"; };
		3F4C10902B73EA3100D6DA1B /* Assets.xcassets */ = {isa = PBXFileReference; lastKnownFileType = folder.assetcatalog; path = Assets.xcassets; sourceTree = "<group>"; };
		3F4C10922B73EA3100D6DA1B /* Preview Assets.xcassets */ = {isa = PBXFileReference; lastKnownFileType = folder.assetcatalog; path = "Preview Assets.xcassets"; sourceTree = "<group>"; };
		3F4C10952B73EA3100D6DA1B /* Util.swift */ = {isa = PBXFileReference; fileEncoding = 4; lastKnownFileType = sourcecode.swift; path = Util.swift; sourceTree = "<group>"; };
		3F4C10972B73EA3100D6DA1B /* Ex.swift */ = {isa = PBXFileReference; fileEncoding = 4; lastKnownFileType = sourcecode.swift; path = Ex.swift; sourceTree = "<group>"; };
		3F4C109A2B73EA3100D6DA1B /* EatCookApp.swift */ = {isa = PBXFileReference; fileEncoding = 4; lastKnownFileType = sourcecode.swift; path = EatCookApp.swift; sourceTree = "<group>"; };
		3F4C109D2B73EA3100D6DA1B /* EatCookRepository.swift */ = {isa = PBXFileReference; fileEncoding = 4; lastKnownFileType = sourcecode.swift; path = EatCookRepository.swift; sourceTree = "<group>"; };
		3F4C10A62B73EA3100D6DA1B /* HomeViewModel.swift */ = {isa = PBXFileReference; fileEncoding = 4; lastKnownFileType = sourcecode.swift; path = HomeViewModel.swift; sourceTree = "<group>"; };
		3F4C10A82B73EA3100D6DA1B /* HomeView.swift */ = {isa = PBXFileReference; fileEncoding = 4; lastKnownFileType = sourcecode.swift; path = HomeView.swift; sourceTree = "<group>"; };
		3F4C10AC2B73EA3100D6DA1B /* RecipeViewModel.swift */ = {isa = PBXFileReference; fileEncoding = 4; lastKnownFileType = sourcecode.swift; path = RecipeViewModel.swift; sourceTree = "<group>"; };
		3F4C10AE2B73EA3100D6DA1B /* RecipeView.swift */ = {isa = PBXFileReference; fileEncoding = 4; lastKnownFileType = sourcecode.swift; path = RecipeView.swift; sourceTree = "<group>"; };
		3F4C10B12B73EA3100D6DA1B /* FeedViewModel.swift */ = {isa = PBXFileReference; fileEncoding = 4; lastKnownFileType = sourcecode.swift; path = FeedViewModel.swift; sourceTree = "<group>"; };
		3F4C10B32B73EA3100D6DA1B /* FeedView.swift */ = {isa = PBXFileReference; fileEncoding = 4; lastKnownFileType = sourcecode.swift; path = FeedView.swift; sourceTree = "<group>"; };
		3F4C10B62B73EA3100D6DA1B /* UserProfileViewModel.swift */ = {isa = PBXFileReference; fileEncoding = 4; lastKnownFileType = sourcecode.swift; path = UserProfileViewModel.swift; sourceTree = "<group>"; };
		3F4C10B82B73EA3100D6DA1B /* UserProfileView.swift */ = {isa = PBXFileReference; fileEncoding = 4; lastKnownFileType = sourcecode.swift; path = UserProfileView.swift; sourceTree = "<group>"; };
		3F4C10BB2B73EA3100D6DA1B /* SearchViewModel.swift */ = {isa = PBXFileReference; fileEncoding = 4; lastKnownFileType = sourcecode.swift; path = SearchViewModel.swift; sourceTree = "<group>"; };
		3F4C10BD2B73EA3100D6DA1B /* SearchView.swift */ = {isa = PBXFileReference; fileEncoding = 4; lastKnownFileType = sourcecode.swift; path = SearchView.swift; sourceTree = "<group>"; };
		3F4C10C02B73EA3100D6DA1B /* ProfileViewModel.swift */ = {isa = PBXFileReference; fileEncoding = 4; lastKnownFileType = sourcecode.swift; path = ProfileViewModel.swift; sourceTree = "<group>"; };
		3F4C10C22B73EA3100D6DA1B /* ProfileView.swift */ = {isa = PBXFileReference; fileEncoding = 4; lastKnownFileType = sourcecode.swift; path = ProfileView.swift; sourceTree = "<group>"; };
		3F4C10C52B73EA3100D6DA1B /* AuthViewModel.swift */ = {isa = PBXFileReference; fileEncoding = 4; lastKnownFileType = sourcecode.swift; path = AuthViewModel.swift; sourceTree = "<group>"; };
		3F4C10C72B73EA3200D6DA1B /* AuthView.swift */ = {isa = PBXFileReference; fileEncoding = 4; lastKnownFileType = sourcecode.swift; path = AuthView.swift; sourceTree = "<group>"; };
		3F4C10C82B73EA3200D6DA1B /* ContentView.swift */ = {isa = PBXFileReference; fileEncoding = 4; lastKnownFileType = sourcecode.swift; path = ContentView.swift; sourceTree = "<group>"; };
		3F4C10CB2B73EA3200D6DA1B /* LoginViewModel.swift */ = {isa = PBXFileReference; fileEncoding = 4; lastKnownFileType = sourcecode.swift; path = LoginViewModel.swift; sourceTree = "<group>"; };
		3F4C10CD2B73EA3200D6DA1B /* LoginView.swift */ = {isa = PBXFileReference; fileEncoding = 4; lastKnownFileType = sourcecode.swift; path = LoginView.swift; sourceTree = "<group>"; };
		3F4C10EB2B773DDA00D6DA1B /* EmailAuthView.swift */ = {isa = PBXFileReference; lastKnownFileType = sourcecode.swift; path = EmailAuthView.swift; sourceTree = "<group>"; };
		3F4C10EE2B77BEA500D6DA1B /* CustomTextFieldModifier.swift */ = {isa = PBXFileReference; lastKnownFileType = sourcecode.swift; path = CustomTextFieldModifier.swift; sourceTree = "<group>"; };
		3F4C10F02B77C38600D6DA1B /* PasswordCheckView.swift */ = {isa = PBXFileReference; lastKnownFileType = sourcecode.swift; path = PasswordCheckView.swift; sourceTree = "<group>"; };
		3F4C10F22B7A4FCC00D6DA1B /* StartPopupView.swift */ = {isa = PBXFileReference; lastKnownFileType = sourcecode.swift; path = StartPopupView.swift; sourceTree = "<group>"; };
		3F4C10F82B7A640600D6DA1B /* CreateProfileView.swift */ = {isa = PBXFileReference; lastKnownFileType = sourcecode.swift; path = CreateProfileView.swift; sourceTree = "<group>"; };
		E52261302BEB63F300ECC939 /* EmailValidationViewModel.swift */ = {isa = PBXFileReference; lastKnownFileType = sourcecode.swift; path = EmailValidationViewModel.swift; sourceTree = "<group>"; };
		E535A3182C044BF100E767EC /* EatCook.entitlements */ = {isa = PBXFileReference; lastKnownFileType = text.plist.entitlements; path = EatCook.entitlements; sourceTree = "<group>"; };
		E535A31A2C04604200E767EC /* ToastView.swift */ = {isa = PBXFileReference; lastKnownFileType = sourcecode.swift; path = ToastView.swift; sourceTree = "<group>"; };
		E55965332C059C38002B3E75 /* AppleLoginButtonView.swift */ = {isa = PBXFileReference; lastKnownFileType = sourcecode.swift; path = AppleLoginButtonView.swift; sourceTree = "<group>"; };
		E56146482C01D01700CA1991 /* EmailLoginView.swift */ = {isa = PBXFileReference; lastKnownFileType = sourcecode.swift; path = EmailLoginView.swift; sourceTree = "<group>"; };
		E561464A2C01D02800CA1991 /* EmailLoginViewModel.swift */ = {isa = PBXFileReference; lastKnownFileType = sourcecode.swift; path = EmailLoginViewModel.swift; sourceTree = "<group>"; };
		E561464C2C01E94200CA1991 /* DataStorage.swift */ = {isa = PBXFileReference; lastKnownFileType = sourcecode.swift; path = DataStorage.swift; sourceTree = "<group>"; };
		E58512C42BF9FDB000E1D877 /* PasswordCheckViewModel.swift */ = {isa = PBXFileReference; lastKnownFileType = sourcecode.swift; path = PasswordCheckViewModel.swift; sourceTree = "<group>"; };
		E58512C62BFA00DE00E1D877 /* PasswordCheck.swift */ = {isa = PBXFileReference; lastKnownFileType = sourcecode.swift; path = PasswordCheck.swift; sourceTree = "<group>"; };
		E5A015B62C12E4D600D9AB1F /* Color.swift */ = {isa = PBXFileReference; lastKnownFileType = sourcecode.swift; path = Color.swift; sourceTree = "<group>"; };
		E5ACB6A62C099BC800C9E94F /* Config.xcconfig */ = {isa = PBXFileReference; lastKnownFileType = text.xcconfig; path = Config.xcconfig; sourceTree = "<group>"; };
		E5AEE8952BF739EA00A4EF40 /* UserService.swift */ = {isa = PBXFileReference; lastKnownFileType = sourcecode.swift; path = UserService.swift; sourceTree = "<group>"; };
		E5AEE8992BF73B6500A4EF40 /* EmailRequest.swift */ = {isa = PBXFileReference; lastKnownFileType = sourcecode.swift; path = EmailRequest.swift; sourceTree = "<group>"; };
		E5AEE89B2BF73B7C00A4EF40 /* EmailVerify.swift */ = {isa = PBXFileReference; lastKnownFileType = sourcecode.swift; path = EmailVerify.swift; sourceTree = "<group>"; };
		E5AEE89E2BF73CC500A4EF40 /* BaseStruct.swift */ = {isa = PBXFileReference; lastKnownFileType = sourcecode.swift; path = BaseStruct.swift; sourceTree = "<group>"; };
		E5AEE8A02BF73D6900A4EF40 /* APIClient.swift */ = {isa = PBXFileReference; lastKnownFileType = sourcecode.swift; path = APIClient.swift; sourceTree = "<group>"; };
		E5DE18332C2172610026E756 /* SearchService.swift */ = {isa = PBXFileReference; lastKnownFileType = sourcecode.swift; path = SearchService.swift; sourceTree = "<group>"; };
		E5F520142BCFB89400CEA96B /* CustomTabView.swift */ = {isa = PBXFileReference; lastKnownFileType = sourcecode.swift; path = CustomTabView.swift; sourceTree = "<group>"; };
		F66E2D042B8CCEB400524B8B /* EatCookRepositoryType.swift */ = {isa = PBXFileReference; lastKnownFileType = sourcecode.swift; path = EatCookRepositoryType.swift; sourceTree = "<group>"; };
		F66E2D062B8CCEFB00524B8B /* HTTPError.swift */ = {isa = PBXFileReference; lastKnownFileType = sourcecode.swift; path = HTTPError.swift; sourceTree = "<group>"; };
		F66E2D082B8CCF0000524B8B /* NetworkError.swift */ = {isa = PBXFileReference; lastKnownFileType = sourcecode.swift; path = NetworkError.swift; sourceTree = "<group>"; };
		F66E2D0A2B8CCF2A00524B8B /* HTTPMethod.swift */ = {isa = PBXFileReference; lastKnownFileType = sourcecode.swift; path = HTTPMethod.swift; sourceTree = "<group>"; };
		F66E2D0C2B8CCF7100524B8B /* HTTPTask.swift */ = {isa = PBXFileReference; lastKnownFileType = sourcecode.swift; path = HTTPTask.swift; sourceTree = "<group>"; };
		F66E2D0E2B8CCFC400524B8B /* URLRequestable.swift */ = {isa = PBXFileReference; lastKnownFileType = sourcecode.swift; path = URLRequestable.swift; sourceTree = "<group>"; };
		F66E2D102B8CCFDE00524B8B /* NetworkProviderImpl.swift */ = {isa = PBXFileReference; lastKnownFileType = sourcecode.swift; path = NetworkProviderImpl.swift; sourceTree = "<group>"; };
		F66E2D122B8CCFE400524B8B /* NetworkProvider.swift */ = {isa = PBXFileReference; lastKnownFileType = sourcecode.swift; path = NetworkProvider.swift; sourceTree = "<group>"; };
		F66E2D142B8CCFEA00524B8B /* EndPoint.swift */ = {isa = PBXFileReference; lastKnownFileType = sourcecode.swift; path = EndPoint.swift; sourceTree = "<group>"; };
		F66E2D172B8CD12200524B8B /* NetworkManager.swift */ = {isa = PBXFileReference; lastKnownFileType = sourcecode.swift; path = NetworkManager.swift; sourceTree = "<group>"; };
		F66E2D192B8CD16100524B8B /* Environment.swift */ = {isa = PBXFileReference; lastKnownFileType = sourcecode.swift; path = Environment.swift; sourceTree = "<group>"; };
		F66E2D1B2B8CD1F700524B8B /* AuthAPI.swift */ = {isa = PBXFileReference; lastKnownFileType = sourcecode.swift; path = AuthAPI.swift; sourceTree = "<group>"; };
		F66E2D1D2B8CD1FD00524B8B /* LoginAPI.swift */ = {isa = PBXFileReference; lastKnownFileType = sourcecode.swift; path = LoginAPI.swift; sourceTree = "<group>"; };
		F66E2D1F2B8CD20A00524B8B /* CookTalkAPI.swift */ = {isa = PBXFileReference; lastKnownFileType = sourcecode.swift; path = CookTalkAPI.swift; sourceTree = "<group>"; };
		F66E2D2E2B8CD41E00524B8B /* LoginResponseDTO.swift */ = {isa = PBXFileReference; lastKnownFileType = sourcecode.swift; path = LoginResponseDTO.swift; sourceTree = "<group>"; };
		F66E2D302B8CD4C100524B8B /* HTTPHeaderField.swift */ = {isa = PBXFileReference; lastKnownFileType = sourcecode.swift; path = HTTPHeaderField.swift; sourceTree = "<group>"; };
		F69B6DB22B80BFCA00EFB467 /* ScrollOffset.swift */ = {isa = PBXFileReference; lastKnownFileType = sourcecode.swift; path = ScrollOffset.swift; sourceTree = "<group>"; };
		F69B6DB52B80D80500EFB467 /* TabCase.swift */ = {isa = PBXFileReference; lastKnownFileType = sourcecode.swift; path = TabCase.swift; sourceTree = "<group>"; };
		F69B6DB92B80D90400EFB467 /* FeedTabIndicatorView.swift */ = {isa = PBXFileReference; lastKnownFileType = sourcecode.swift; path = FeedTabIndicatorView.swift; sourceTree = "<group>"; };
		F69B6DBB2B80D90A00EFB467 /* FeedRowView.swift */ = {isa = PBXFileReference; lastKnownFileType = sourcecode.swift; path = FeedRowView.swift; sourceTree = "<group>"; };
		F69B6DBD2B80DC5C00EFB467 /* FeedContainerView.swift */ = {isa = PBXFileReference; lastKnownFileType = sourcecode.swift; path = FeedContainerView.swift; sourceTree = "<group>"; };
		F69B6DC52B80EDD600EFB467 /* EmptyImageView.swift */ = {isa = PBXFileReference; lastKnownFileType = sourcecode.swift; path = EmptyImageView.swift; sourceTree = "<group>"; };
		F6C80AE22B80A60100001924 /* TabIndicatorView.swift */ = {isa = PBXFileReference; lastKnownFileType = sourcecode.swift; path = TabIndicatorView.swift; sourceTree = "<group>"; };
		F6C80AE42B80A62C00001924 /* RecipeContainerView.swift */ = {isa = PBXFileReference; lastKnownFileType = sourcecode.swift; path = RecipeContainerView.swift; sourceTree = "<group>"; };
		F6C80AE62B80A63A00001924 /* IngredientsContainerView.swift */ = {isa = PBXFileReference; lastKnownFileType = sourcecode.swift; path = IngredientsContainerView.swift; sourceTree = "<group>"; };
		F6C80AE82B80AB1900001924 /* RecipeContainerRowView.swift */ = {isa = PBXFileReference; lastKnownFileType = sourcecode.swift; path = RecipeContainerRowView.swift; sourceTree = "<group>"; };
		F6E1C0932B722EE500A05703 /* EatCook.app */ = {isa = PBXFileReference; explicitFileType = wrapper.application; includeInIndex = 0; path = EatCook.app; sourceTree = BUILT_PRODUCTS_DIR; };
		F6F9FB512BA1A82600AEF22E /* CustomBorderModifier.swift */ = {isa = PBXFileReference; lastKnownFileType = sourcecode.swift; path = CustomBorderModifier.swift; sourceTree = "<group>"; };
		F6F9FB542BA1A8B500AEF22E /* NavigationPathFinder.swift */ = {isa = PBXFileReference; fileEncoding = 4; lastKnownFileType = sourcecode.swift; path = NavigationPathFinder.swift; sourceTree = "<group>"; };
		F6F9FB572BA1A9CE00AEF22E /* RecipeCreateViewModel.swift */ = {isa = PBXFileReference; fileEncoding = 4; lastKnownFileType = sourcecode.swift; path = RecipeCreateViewModel.swift; sourceTree = "<group>"; };
		F6F9FB592BA1AA0100AEF22E /* TagField.swift */ = {isa = PBXFileReference; fileEncoding = 4; lastKnownFileType = sourcecode.swift; path = TagField.swift; sourceTree = "<group>"; };
		F6F9FB5A2BA1AA0100AEF22E /* TagLayout.swift */ = {isa = PBXFileReference; fileEncoding = 4; lastKnownFileType = sourcecode.swift; path = TagLayout.swift; sourceTree = "<group>"; };
		F6F9FB5B2BA1AA0100AEF22E /* ImagePicker.swift */ = {isa = PBXFileReference; fileEncoding = 4; lastKnownFileType = sourcecode.swift; path = ImagePicker.swift; sourceTree = "<group>"; };
		F6F9FB5C2BA1AA0100AEF22E /* TimerPickerView.swift */ = {isa = PBXFileReference; fileEncoding = 4; lastKnownFileType = sourcecode.swift; path = TimerPickerView.swift; sourceTree = "<group>"; };
		F6F9FB5D2BA1AA0100AEF22E /* DropdownView.swift */ = {isa = PBXFileReference; fileEncoding = 4; lastKnownFileType = sourcecode.swift; path = DropdownView.swift; sourceTree = "<group>"; };
		F6F9FB632BA1AA1000AEF22E /* RecipeTagView.swift */ = {isa = PBXFileReference; fileEncoding = 4; lastKnownFileType = sourcecode.swift; path = RecipeTagView.swift; sourceTree = "<group>"; };
		F6F9FB642BA1AA1000AEF22E /* RecipeStepView.swift */ = {isa = PBXFileReference; fileEncoding = 4; lastKnownFileType = sourcecode.swift; path = RecipeStepView.swift; sourceTree = "<group>"; };
		F6F9FB652BA1AA1000AEF22E /* RecipeCreateView.swift */ = {isa = PBXFileReference; fileEncoding = 4; lastKnownFileType = sourcecode.swift; path = RecipeCreateView.swift; sourceTree = "<group>"; };
/* End PBXFileReference section */

/* Begin PBXFrameworksBuildPhase section */
		F6E1C0902B722EE500A05703 /* Frameworks */ = {
			isa = PBXFrameworksBuildPhase;
			buildActionMask = 2147483647;
			files = (
				E55965372C0986FB002B3E75 /* KakaoSDK in Frameworks */,
			);
			runOnlyForDeploymentPostprocessing = 0;
		};
/* End PBXFrameworksBuildPhase section */

/* Begin PBXGroup section */
		3F4C108E2B73EA3100D6DA1B /* EatCook */ = {
			isa = PBXGroup;
			children = (
				E535A3182C044BF100E767EC /* EatCook.entitlements */,
				E5AEE89D2BF73CB800A4EF40 /* Base */,
				E5AEE8932BF739C500A4EF40 /* Model */,
				3F4C10912B73EA3100D6DA1B /* Preview Content */,
				3F4C108F2B73EA3100D6DA1B /* Resources */,
				3F4C10992B73EA3100D6DA1B /* Applications */,
				3F4C10ED2B77BE7800D6DA1B /* Component */,
				3F4C10942B73EA3100D6DA1B /* Utillites */,
				3F4C10962B73EA3100D6DA1B /* Extensions */,
				F6F9FB532BA1A8A300AEF22E /* Helper */,
				3F4C10A02B73EA3100D6DA1B /* Domain */,
				3F4C109B2B73EA3100D6DA1B /* Data */,
				F66E2CFC2B8CCD3C00524B8B /* Network */,
				3F4C10A32B73EA3100D6DA1B /* Presentation */,
			);
			path = EatCook;
			sourceTree = "<group>";
		};
		3F4C108F2B73EA3100D6DA1B /* Resources */ = {
			isa = PBXGroup;
			children = (
				3F4C10902B73EA3100D6DA1B /* Assets.xcassets */,
			);
			path = Resources;
			sourceTree = "<group>";
		};
		3F4C10912B73EA3100D6DA1B /* Preview Content */ = {
			isa = PBXGroup;
			children = (
				3F4C10922B73EA3100D6DA1B /* Preview Assets.xcassets */,
			);
			path = "Preview Content";
			sourceTree = "<group>";
		};
		3F4C10942B73EA3100D6DA1B /* Utillites */ = {
			isa = PBXGroup;
			children = (
				E535A3192C04600900E767EC /* Toast */,
				3F4C10952B73EA3100D6DA1B /* Util.swift */,
				F69B6DB52B80D80500EFB467 /* TabCase.swift */,
			);
			path = Utillites;
			sourceTree = "<group>";
		};
		3F4C10962B73EA3100D6DA1B /* Extensions */ = {
			isa = PBXGroup;
			children = (
				3F4C10972B73EA3100D6DA1B /* Ex.swift */,
				F69B6DB22B80BFCA00EFB467 /* ScrollOffset.swift */,
				E5A015B62C12E4D600D9AB1F /* Color.swift */,
			);
			path = Extensions;
			sourceTree = "<group>";
		};
		3F4C10992B73EA3100D6DA1B /* Applications */ = {
			isa = PBXGroup;
			children = (
				3F4C109A2B73EA3100D6DA1B /* EatCookApp.swift */,
			);
			path = Applications;
			sourceTree = "<group>";
		};
		3F4C109B2B73EA3100D6DA1B /* Data */ = {
			isa = PBXGroup;
			children = (
				3F4C109C2B73EA3100D6DA1B /* Repository */,
				3F4C109E2B73EA3100D6DA1B /* DataMapping */,
			);
			path = Data;
			sourceTree = "<group>";
		};
		3F4C109C2B73EA3100D6DA1B /* Repository */ = {
			isa = PBXGroup;
			children = (
				3F4C109D2B73EA3100D6DA1B /* EatCookRepository.swift */,
			);
			path = Repository;
			sourceTree = "<group>";
		};
		3F4C109E2B73EA3100D6DA1B /* DataMapping */ = {
			isa = PBXGroup;
			children = (
				F66E2D232B8CD32C00524B8B /* ResponseDTO */,
			);
			path = DataMapping;
			sourceTree = "<group>";
		};
		3F4C10A02B73EA3100D6DA1B /* Domain */ = {
			isa = PBXGroup;
			children = (
				F66E2D032B8CCEA300524B8B /* Interfaces */,
			);
			path = Domain;
			sourceTree = "<group>";
		};
		3F4C10A32B73EA3100D6DA1B /* Presentation */ = {
			isa = PBXGroup;
			children = (
				3F21B3B72B7264B400BF67F7 /* SplashView.swift */,
				3F4C10C82B73EA3200D6DA1B /* ContentView.swift */,
				3F4C10A42B73EA3100D6DA1B /* Home */,
				3F4C10A92B73EA3100D6DA1B /* CookTalk */,
				3F4C10B42B73EA3100D6DA1B /* User */,
				3F4C10B92B73EA3100D6DA1B /* Search */,
				3F4C10BE2B73EA3100D6DA1B /* Profile */,
				3F4C10C32B73EA3100D6DA1B /* Authentication */,
				3F4C10C92B73EA3200D6DA1B /* Login */,
			);
			path = Presentation;
			sourceTree = "<group>";
		};
		3F4C10A42B73EA3100D6DA1B /* Home */ = {
			isa = PBXGroup;
			children = (
				3F4C10A52B73EA3100D6DA1B /* ViewModel */,
				3F4C10A72B73EA3100D6DA1B /* View */,
			);
			path = Home;
			sourceTree = "<group>";
		};
		3F4C10A52B73EA3100D6DA1B /* ViewModel */ = {
			isa = PBXGroup;
			children = (
				3F4C10A62B73EA3100D6DA1B /* HomeViewModel.swift */,
			);
			path = ViewModel;
			sourceTree = "<group>";
		};
		3F4C10A72B73EA3100D6DA1B /* View */ = {
			isa = PBXGroup;
			children = (
				3F4C10A82B73EA3100D6DA1B /* HomeView.swift */,
				E5F520142BCFB89400CEA96B /* CustomTabView.swift */,
			);
			path = View;
			sourceTree = "<group>";
		};
		3F4C10A92B73EA3100D6DA1B /* CookTalk */ = {
			isa = PBXGroup;
			children = (
				F69B6DBF2B80ED4500EFB467 /* RecipeCreate */,
				3F4C10AA2B73EA3100D6DA1B /* Recipe */,
				3F4C10AF2B73EA3100D6DA1B /* Feed */,
			);
			path = CookTalk;
			sourceTree = "<group>";
		};
		3F4C10AA2B73EA3100D6DA1B /* Recipe */ = {
			isa = PBXGroup;
			children = (
				3F4C10AB2B73EA3100D6DA1B /* ViewModel */,
				3F4C10AD2B73EA3100D6DA1B /* View */,
			);
			path = Recipe;
			sourceTree = "<group>";
		};
		3F4C10AB2B73EA3100D6DA1B /* ViewModel */ = {
			isa = PBXGroup;
			children = (
				3F4C10AC2B73EA3100D6DA1B /* RecipeViewModel.swift */,
			);
			path = ViewModel;
			sourceTree = "<group>";
		};
		3F4C10AD2B73EA3100D6DA1B /* View */ = {
			isa = PBXGroup;
			children = (
				F6C80AE12B80A5A000001924 /* Components */,
				3F4C10AE2B73EA3100D6DA1B /* RecipeView.swift */,
			);
			path = View;
			sourceTree = "<group>";
		};
		3F4C10AF2B73EA3100D6DA1B /* Feed */ = {
			isa = PBXGroup;
			children = (
				3F4C10B02B73EA3100D6DA1B /* ViewModel */,
				3F4C10B22B73EA3100D6DA1B /* View */,
			);
			path = Feed;
			sourceTree = "<group>";
		};
		3F4C10B02B73EA3100D6DA1B /* ViewModel */ = {
			isa = PBXGroup;
			children = (
				3F4C10B12B73EA3100D6DA1B /* FeedViewModel.swift */,
			);
			path = ViewModel;
			sourceTree = "<group>";
		};
		3F4C10B22B73EA3100D6DA1B /* View */ = {
			isa = PBXGroup;
			children = (
				F69B6DB42B80CA8B00EFB467 /* Components */,
				3F4C10B32B73EA3100D6DA1B /* FeedView.swift */,
			);
			path = View;
			sourceTree = "<group>";
		};
		3F4C10B42B73EA3100D6DA1B /* User */ = {
			isa = PBXGroup;
			children = (
				3F4C10B52B73EA3100D6DA1B /* ViewModel */,
				3F4C10B72B73EA3100D6DA1B /* View */,
			);
			path = User;
			sourceTree = "<group>";
		};
		3F4C10B52B73EA3100D6DA1B /* ViewModel */ = {
			isa = PBXGroup;
			children = (
				3F4C10B62B73EA3100D6DA1B /* UserProfileViewModel.swift */,
			);
			path = ViewModel;
			sourceTree = "<group>";
		};
		3F4C10B72B73EA3100D6DA1B /* View */ = {
			isa = PBXGroup;
			children = (
				3F4C10B82B73EA3100D6DA1B /* UserProfileView.swift */,
			);
			path = View;
			sourceTree = "<group>";
		};
		3F4C10B92B73EA3100D6DA1B /* Search */ = {
			isa = PBXGroup;
			children = (
				3F4C10BA2B73EA3100D6DA1B /* ViewModel */,
				3F4C10BC2B73EA3100D6DA1B /* View */,
			);
			path = Search;
			sourceTree = "<group>";
		};
		3F4C10BA2B73EA3100D6DA1B /* ViewModel */ = {
			isa = PBXGroup;
			children = (
				3F4C10BB2B73EA3100D6DA1B /* SearchViewModel.swift */,
			);
			path = ViewModel;
			sourceTree = "<group>";
		};
		3F4C10BC2B73EA3100D6DA1B /* View */ = {
			isa = PBXGroup;
			children = (
				3F4C10BD2B73EA3100D6DA1B /* SearchView.swift */,
			);
			path = View;
			sourceTree = "<group>";
		};
		3F4C10BE2B73EA3100D6DA1B /* Profile */ = {
			isa = PBXGroup;
			children = (
				3F4C10BF2B73EA3100D6DA1B /* ViewModel */,
				3F4C10C12B73EA3100D6DA1B /* View */,
			);
			path = Profile;
			sourceTree = "<group>";
		};
		3F4C10BF2B73EA3100D6DA1B /* ViewModel */ = {
			isa = PBXGroup;
			children = (
				3F4C10C02B73EA3100D6DA1B /* ProfileViewModel.swift */,
			);
			path = ViewModel;
			sourceTree = "<group>";
		};
		3F4C10C12B73EA3100D6DA1B /* View */ = {
			isa = PBXGroup;
			children = (
				3F4C10C22B73EA3100D6DA1B /* ProfileView.swift */,
				3F4C10F82B7A640600D6DA1B /* CreateProfileView.swift */,
				3F2652FA2B7AF2060065DFA5 /* FoodThemeView.swift */,
				3F2652FC2B7C3E180065DFA5 /* HouseholdCompositionView.swift */,
			);
			path = View;
			sourceTree = "<group>";
		};
		3F4C10C32B73EA3100D6DA1B /* Authentication */ = {
			isa = PBXGroup;
			children = (
				3F4C10C42B73EA3100D6DA1B /* ViewModel */,
				3F4C10C62B73EA3100D6DA1B /* View */,
			);
			path = Authentication;
			sourceTree = "<group>";
		};
		3F4C10C42B73EA3100D6DA1B /* ViewModel */ = {
			isa = PBXGroup;
			children = (
				3F4C10C52B73EA3100D6DA1B /* AuthViewModel.swift */,
				E52261302BEB63F300ECC939 /* EmailValidationViewModel.swift */,
				E58512C42BF9FDB000E1D877 /* PasswordCheckViewModel.swift */,
				E561464A2C01D02800CA1991 /* EmailLoginViewModel.swift */,
			);
			path = ViewModel;
			sourceTree = "<group>";
		};
		3F4C10C62B73EA3100D6DA1B /* View */ = {
			isa = PBXGroup;
			children = (
				3F4C10C72B73EA3200D6DA1B /* AuthView.swift */,
				3F4C10EB2B773DDA00D6DA1B /* EmailAuthView.swift */,
				3F4C10F02B77C38600D6DA1B /* PasswordCheckView.swift */,
				3F4C10F22B7A4FCC00D6DA1B /* StartPopupView.swift */,
				E56146482C01D01700CA1991 /* EmailLoginView.swift */,
				E55965332C059C38002B3E75 /* AppleLoginButtonView.swift */,
			);
			path = View;
			sourceTree = "<group>";
		};
		3F4C10C92B73EA3200D6DA1B /* Login */ = {
			isa = PBXGroup;
			children = (
				3F4C10CA2B73EA3200D6DA1B /* ViewModel */,
				3F4C10CC2B73EA3200D6DA1B /* View */,
			);
			path = Login;
			sourceTree = "<group>";
		};
		3F4C10CA2B73EA3200D6DA1B /* ViewModel */ = {
			isa = PBXGroup;
			children = (
				3F4C10CB2B73EA3200D6DA1B /* LoginViewModel.swift */,
			);
			path = ViewModel;
			sourceTree = "<group>";
		};
		3F4C10CC2B73EA3200D6DA1B /* View */ = {
			isa = PBXGroup;
			children = (
				3F4C10CD2B73EA3200D6DA1B /* LoginView.swift */,
			);
			path = View;
			sourceTree = "<group>";
		};
		3F4C10ED2B77BE7800D6DA1B /* Component */ = {
			isa = PBXGroup;
			children = (
				3F4C10EE2B77BEA500D6DA1B /* CustomTextFieldModifier.swift */,
				F6F9FB512BA1A82600AEF22E /* CustomBorderModifier.swift */,
			);
			path = Component;
			sourceTree = "<group>";
		};
		E535A3192C04600900E767EC /* Toast */ = {
			isa = PBXGroup;
			children = (
				E535A31A2C04604200E767EC /* ToastView.swift */,
			);
			path = Toast;
			sourceTree = "<group>";
		};
		E5AEE8932BF739C500A4EF40 /* Model */ = {
			isa = PBXGroup;
			children = (
				E5AEE8972BF73AD200A4EF40 /* Entity */,
				E5AEE8942BF739D000A4EF40 /* Service */,
			);
			path = Model;
			sourceTree = "<group>";
		};
		E5AEE8942BF739D000A4EF40 /* Service */ = {
			isa = PBXGroup;
			children = (
				E5AEE8952BF739EA00A4EF40 /* UserService.swift */,
				E5DE18332C2172610026E756 /* SearchService.swift */,
			);
			path = Service;
			sourceTree = "<group>";
		};
		E5AEE8972BF73AD200A4EF40 /* Entity */ = {
			isa = PBXGroup;
			children = (
				E5AEE8982BF73AF900A4EF40 /* Auth */,
			);
			path = Entity;
			sourceTree = "<group>";
		};
		E5AEE8982BF73AF900A4EF40 /* Auth */ = {
			isa = PBXGroup;
			children = (
				E5AEE8992BF73B6500A4EF40 /* EmailRequest.swift */,
				E5AEE89B2BF73B7C00A4EF40 /* EmailVerify.swift */,
				E58512C62BFA00DE00E1D877 /* PasswordCheck.swift */,
			);
			path = Auth;
			sourceTree = "<group>";
		};
		E5AEE89D2BF73CB800A4EF40 /* Base */ = {
			isa = PBXGroup;
			children = (
				E5AEE89E2BF73CC500A4EF40 /* BaseStruct.swift */,
			);
			path = Base;
			sourceTree = "<group>";
		};
		F66E2CFC2B8CCD3C00524B8B /* Network */ = {
			isa = PBXGroup;
			children = (
				F66E2D002B8CCE6300524B8B /* Error */,
				F66E2CFF2B8CCE5E00524B8B /* Foundation */,
				F66E2D162B8CD11700524B8B /* NetworkManager */,
				F66E2D012B8CCE7300524B8B /* NetworkProvider */,
				F66E2D022B8CCE8000524B8B /* API */,
			);
			path = Network;
			sourceTree = "<group>";
		};
		F66E2CFF2B8CCE5E00524B8B /* Foundation */ = {
			isa = PBXGroup;
			children = (
				F66E2D142B8CCFEA00524B8B /* EndPoint.swift */,
				F66E2D302B8CD4C100524B8B /* HTTPHeaderField.swift */,
				F66E2D0A2B8CCF2A00524B8B /* HTTPMethod.swift */,
				F66E2D0C2B8CCF7100524B8B /* HTTPTask.swift */,
				F66E2D0E2B8CCFC400524B8B /* URLRequestable.swift */,
				F66E2D122B8CCFE400524B8B /* NetworkProvider.swift */,
				F66E2D192B8CD16100524B8B /* Environment.swift */,
			);
			path = Foundation;
			sourceTree = "<group>";
		};
		F66E2D002B8CCE6300524B8B /* Error */ = {
			isa = PBXGroup;
			children = (
				F66E2D062B8CCEFB00524B8B /* HTTPError.swift */,
				F66E2D082B8CCF0000524B8B /* NetworkError.swift */,
			);
			path = Error;
			sourceTree = "<group>";
		};
		F66E2D012B8CCE7300524B8B /* NetworkProvider */ = {
			isa = PBXGroup;
			children = (
				F66E2D102B8CCFDE00524B8B /* NetworkProviderImpl.swift */,
			);
			path = NetworkProvider;
			sourceTree = "<group>";
		};
		F66E2D022B8CCE8000524B8B /* API */ = {
			isa = PBXGroup;
			children = (
				F66E2D1D2B8CD1FD00524B8B /* LoginAPI.swift */,
				F66E2D1B2B8CD1F700524B8B /* AuthAPI.swift */,
				F66E2D1F2B8CD20A00524B8B /* CookTalkAPI.swift */,
			);
			path = API;
			sourceTree = "<group>";
		};
		F66E2D032B8CCEA300524B8B /* Interfaces */ = {
			isa = PBXGroup;
			children = (
				F66E2D042B8CCEB400524B8B /* EatCookRepositoryType.swift */,
			);
			path = Interfaces;
			sourceTree = "<group>";
		};
		F66E2D162B8CD11700524B8B /* NetworkManager */ = {
			isa = PBXGroup;
			children = (
				F66E2D172B8CD12200524B8B /* NetworkManager.swift */,
				E5AEE8A02BF73D6900A4EF40 /* APIClient.swift */,
			);
			path = NetworkManager;
			sourceTree = "<group>";
		};
		F66E2D232B8CD32C00524B8B /* ResponseDTO */ = {
			isa = PBXGroup;
			children = (
				F66E2D2E2B8CD41E00524B8B /* LoginResponseDTO.swift */,
			);
			path = ResponseDTO;
			sourceTree = "<group>";
		};
		F69B6DB42B80CA8B00EFB467 /* Components */ = {
			isa = PBXGroup;
			children = (
				F69B6DB92B80D90400EFB467 /* FeedTabIndicatorView.swift */,
				F69B6DBD2B80DC5C00EFB467 /* FeedContainerView.swift */,
				F69B6DBB2B80D90A00EFB467 /* FeedRowView.swift */,
			);
			path = Components;
			sourceTree = "<group>";
		};
		F69B6DBF2B80ED4500EFB467 /* RecipeCreate */ = {
			isa = PBXGroup;
			children = (
				F6F9FB562BA1A9A400AEF22E /* ViewModel */,
				F69B6DC02B80ED5D00EFB467 /* View */,
			);
			path = RecipeCreate;
			sourceTree = "<group>";
		};
		F69B6DC02B80ED5D00EFB467 /* View */ = {
			isa = PBXGroup;
			children = (
				F69B6DC22B80ED6400EFB467 /* Components */,
				F6F9FB652BA1AA1000AEF22E /* RecipeCreateView.swift */,
				F6F9FB642BA1AA1000AEF22E /* RecipeStepView.swift */,
				F6F9FB632BA1AA1000AEF22E /* RecipeTagView.swift */,
			);
			path = View;
			sourceTree = "<group>";
		};
		F69B6DC22B80ED6400EFB467 /* Components */ = {
			isa = PBXGroup;
			children = (
				F69B6DC52B80EDD600EFB467 /* EmptyImageView.swift */,
				F6F9FB5D2BA1AA0100AEF22E /* DropdownView.swift */,
				F6F9FB5B2BA1AA0100AEF22E /* ImagePicker.swift */,
				F6F9FB592BA1AA0100AEF22E /* TagField.swift */,
				F6F9FB5A2BA1AA0100AEF22E /* TagLayout.swift */,
				F6F9FB5C2BA1AA0100AEF22E /* TimerPickerView.swift */,
			);
			path = Components;
			sourceTree = "<group>";
		};
		F6C80AE12B80A5A000001924 /* Components */ = {
			isa = PBXGroup;
			children = (
				F6C80AE22B80A60100001924 /* TabIndicatorView.swift */,
				F6C80AE42B80A62C00001924 /* RecipeContainerView.swift */,
				F6C80AE82B80AB1900001924 /* RecipeContainerRowView.swift */,
				F6C80AE62B80A63A00001924 /* IngredientsContainerView.swift */,
			);
			path = Components;
			sourceTree = "<group>";
		};
		F6E1C08A2B722EE500A05703 = {
			isa = PBXGroup;
			children = (
				E5ACB6A62C099BC800C9E94F /* Config.xcconfig */,
				3F4C108E2B73EA3100D6DA1B /* EatCook */,
				F6E1C0942B722EE500A05703 /* Products */,
			);
			sourceTree = "<group>";
		};
		F6E1C0942B722EE500A05703 /* Products */ = {
			isa = PBXGroup;
			children = (
				F6E1C0932B722EE500A05703 /* EatCook.app */,
			);
			name = Products;
			sourceTree = "<group>";
		};
		F6F9FB532BA1A8A300AEF22E /* Helper */ = {
			isa = PBXGroup;
			children = (
				F6F9FB542BA1A8B500AEF22E /* NavigationPathFinder.swift */,
				E561464C2C01E94200CA1991 /* DataStorage.swift */,
			);
			path = Helper;
			sourceTree = "<group>";
		};
		F6F9FB562BA1A9A400AEF22E /* ViewModel */ = {
			isa = PBXGroup;
			children = (
				F6F9FB572BA1A9CE00AEF22E /* RecipeCreateViewModel.swift */,
			);
			path = ViewModel;
			sourceTree = "<group>";
		};
/* End PBXGroup section */

/* Begin PBXNativeTarget section */
		F6E1C0922B722EE500A05703 /* EatCook */ = {
			isa = PBXNativeTarget;
			buildConfigurationList = F6E1C0A12B722EE800A05703 /* Build configuration list for PBXNativeTarget "EatCook" */;
			buildPhases = (
				F6E1C08F2B722EE500A05703 /* Sources */,
				F6E1C0902B722EE500A05703 /* Frameworks */,
				F6E1C0912B722EE500A05703 /* Resources */,
			);
			buildRules = (
			);
			dependencies = (
			);
			name = EatCook;
			packageProductDependencies = (
				E55965362C0986FB002B3E75 /* KakaoSDK */,
			);
			productName = EatCook;
			productReference = F6E1C0932B722EE500A05703 /* EatCook.app */;
			productType = "com.apple.product-type.application";
		};
/* End PBXNativeTarget section */

/* Begin PBXProject section */
		F6E1C08B2B722EE500A05703 /* Project object */ = {
			isa = PBXProject;
			attributes = {
				BuildIndependentTargetsInParallel = 1;
				LastSwiftUpdateCheck = 1510;
				LastUpgradeCheck = 1510;
				TargetAttributes = {
					F6E1C0922B722EE500A05703 = {
						CreatedOnToolsVersion = 15.1;
					};
				};
			};
			buildConfigurationList = F6E1C08E2B722EE500A05703 /* Build configuration list for PBXProject "EatCook" */;
			compatibilityVersion = "Xcode 14.0";
			developmentRegion = en;
			hasScannedForEncodings = 0;
			knownRegions = (
				en,
				Base,
			);
			mainGroup = F6E1C08A2B722EE500A05703;
			packageReferences = (
				E55965352C0986FB002B3E75 /* XCRemoteSwiftPackageReference "kakao-ios-sdk" */,
			);
			productRefGroup = F6E1C0942B722EE500A05703 /* Products */;
			projectDirPath = "";
			projectRoot = "";
			targets = (
				F6E1C0922B722EE500A05703 /* EatCook */,
			);
		};
/* End PBXProject section */

/* Begin PBXResourcesBuildPhase section */
		F6E1C0912B722EE500A05703 /* Resources */ = {
			isa = PBXResourcesBuildPhase;
			buildActionMask = 2147483647;
			files = (
				3F4C10CF2B73EA3200D6DA1B /* Preview Assets.xcassets in Resources */,
				3F4C10CE2B73EA3200D6DA1B /* Assets.xcassets in Resources */,
			);
			runOnlyForDeploymentPostprocessing = 0;
		};
/* End PBXResourcesBuildPhase section */

/* Begin PBXSourcesBuildPhase section */
		F6E1C08F2B722EE500A05703 /* Sources */ = {
			isa = PBXSourcesBuildPhase;
			buildActionMask = 2147483647;
			files = (
				F69B6DBA2B80D90400EFB467 /* FeedTabIndicatorView.swift in Sources */,
				E535A31B2C04604200E767EC /* ToastView.swift in Sources */,
				F6C80AE32B80A60100001924 /* TabIndicatorView.swift in Sources */,
				3F4C10EF2B77BEA500D6DA1B /* CustomTextFieldModifier.swift in Sources */,
				E58512C72BFA00DE00E1D877 /* PasswordCheck.swift in Sources */,
				3F4C10E12B73EA3200D6DA1B /* SearchView.swift in Sources */,
				E5AEE89A2BF73B6500A4EF40 /* EmailRequest.swift in Sources */,
				3F4C10E62B73EA3200D6DA1B /* ContentView.swift in Sources */,
				F6F9FB622BA1AA0100AEF22E /* DropdownView.swift in Sources */,
				3F4C10F32B7A4FCC00D6DA1B /* StartPopupView.swift in Sources */,
				E561464D2C01E94200CA1991 /* DataStorage.swift in Sources */,
				F6F9FB612BA1AA0100AEF22E /* TimerPickerView.swift in Sources */,
				F6C80AE92B80AB1900001924 /* RecipeContainerRowView.swift in Sources */,
				E56146492C01D01700CA1991 /* EmailLoginView.swift in Sources */,
				F66E2D1E2B8CD1FD00524B8B /* LoginAPI.swift in Sources */,
				3F4C10DF2B73EA3200D6DA1B /* UserProfileView.swift in Sources */,
				F6C80AE72B80A63A00001924 /* IngredientsContainerView.swift in Sources */,
				E5A015B72C12E4D600D9AB1F /* Color.swift in Sources */,
				3F4C10D82B73EA3200D6DA1B /* HomeViewModel.swift in Sources */,
				F66E2D072B8CCEFB00524B8B /* HTTPError.swift in Sources */,
				F66E2D202B8CD20A00524B8B /* CookTalkAPI.swift in Sources */,
				3F4C10D52B73EA3200D6DA1B /* EatCookRepository.swift in Sources */,
				F66E2D0D2B8CCF7100524B8B /* HTTPTask.swift in Sources */,
				F69B6DBE2B80DC5C00EFB467 /* FeedContainerView.swift in Sources */,
				F66E2D1C2B8CD1F700524B8B /* AuthAPI.swift in Sources */,
				F66E2D182B8CD12200524B8B /* NetworkManager.swift in Sources */,
				F66E2D1A2B8CD16100524B8B /* Environment.swift in Sources */,
				3F4C10E02B73EA3200D6DA1B /* SearchViewModel.swift in Sources */,
				3F4C10E22B73EA3200D6DA1B /* ProfileViewModel.swift in Sources */,
				3F4C10E72B73EA3200D6DA1B /* LoginViewModel.swift in Sources */,
				3F2652FD2B7C3E180065DFA5 /* HouseholdCompositionView.swift in Sources */,
				F66E2D0B2B8CCF2A00524B8B /* HTTPMethod.swift in Sources */,
				3F4C10F92B7A640600D6DA1B /* CreateProfileView.swift in Sources */,
				3F2652FB2B7AF2060065DFA5 /* FoodThemeView.swift in Sources */,
				F69B6DBC2B80D90A00EFB467 /* FeedRowView.swift in Sources */,
				F69B6DB62B80D80500EFB467 /* TabCase.swift in Sources */,
				F66E2D112B8CCFDE00524B8B /* NetworkProviderImpl.swift in Sources */,
				F66E2D092B8CCF0000524B8B /* NetworkError.swift in Sources */,
				E55965342C059C38002B3E75 /* AppleLoginButtonView.swift in Sources */,
				3F21B3B82B7264B400BF67F7 /* SplashView.swift in Sources */,
				3F4C10EC2B773DDA00D6DA1B /* EmailAuthView.swift in Sources */,
				F69B6DB32B80BFCA00EFB467 /* ScrollOffset.swift in Sources */,
				E561464B2C01D02800CA1991 /* EmailLoginViewModel.swift in Sources */,
				F66E2D052B8CCEB400524B8B /* EatCookRepositoryType.swift in Sources */,
				F66E2D0F2B8CCFC400524B8B /* URLRequestable.swift in Sources */,
				F6F9FB672BA1AA1000AEF22E /* RecipeStepView.swift in Sources */,
				F6F9FB582BA1A9CE00AEF22E /* RecipeCreateViewModel.swift in Sources */,
				3F4C10DC2B73EA3200D6DA1B /* FeedViewModel.swift in Sources */,
				E52261312BEB63F300ECC939 /* EmailValidationViewModel.swift in Sources */,
				3F4C10D42B73EA3200D6DA1B /* EatCookApp.swift in Sources */,
				E5AEE8A12BF73D6900A4EF40 /* APIClient.swift in Sources */,
				E5AEE89F2BF73CC500A4EF40 /* BaseStruct.swift in Sources */,
				F6F9FB522BA1A82600AEF22E /* CustomBorderModifier.swift in Sources */,
				3F4C10DD2B73EA3200D6DA1B /* FeedView.swift in Sources */,
				F6F9FB5F2BA1AA0100AEF22E /* TagLayout.swift in Sources */,
				3F4C10E52B73EA3200D6DA1B /* AuthView.swift in Sources */,
				F66E2D312B8CD4C100524B8B /* HTTPHeaderField.swift in Sources */,
				F6F9FB5E2BA1AA0100AEF22E /* TagField.swift in Sources */,
				F66E2D2F2B8CD41E00524B8B /* LoginResponseDTO.swift in Sources */,
				3F4C10D22B73EA3200D6DA1B /* Ex.swift in Sources */,
				F6F9FB552BA1A8B500AEF22E /* NavigationPathFinder.swift in Sources */,
				F6F9FB602BA1AA0100AEF22E /* ImagePicker.swift in Sources */,
				F6C80AE52B80A62C00001924 /* RecipeContainerView.swift in Sources */,
				E5AEE8962BF739EA00A4EF40 /* UserService.swift in Sources */,
				F66E2D152B8CCFEA00524B8B /* EndPoint.swift in Sources */,
				F66E2D132B8CCFE400524B8B /* NetworkProvider.swift in Sources */,
				E5AEE89C2BF73B7C00A4EF40 /* EmailVerify.swift in Sources */,
				E5DE18342C2172610026E756 /* SearchService.swift in Sources */,
				3F4C10D92B73EA3200D6DA1B /* HomeView.swift in Sources */,
				E58512C52BF9FDB000E1D877 /* PasswordCheckViewModel.swift in Sources */,
				3F4C10F12B77C38600D6DA1B /* PasswordCheckView.swift in Sources */,
				E5F520152BCFB89400CEA96B /* CustomTabView.swift in Sources */,
				F6F9FB682BA1AA1000AEF22E /* RecipeCreateView.swift in Sources */,
				3F4C10DB2B73EA3200D6DA1B /* RecipeView.swift in Sources */,
				3F4C10E42B73EA3200D6DA1B /* AuthViewModel.swift in Sources */,
				3F4C10E82B73EA3200D6DA1B /* LoginView.swift in Sources */,
				3F4C10D12B73EA3200D6DA1B /* Util.swift in Sources */,
				F69B6DC62B80EDD600EFB467 /* EmptyImageView.swift in Sources */,
				3F4C10DE2B73EA3200D6DA1B /* UserProfileViewModel.swift in Sources */,
				F6F9FB662BA1AA1000AEF22E /* RecipeTagView.swift in Sources */,
				3F4C10E32B73EA3200D6DA1B /* ProfileView.swift in Sources */,
				3F4C10DA2B73EA3200D6DA1B /* RecipeViewModel.swift in Sources */,
			);
			runOnlyForDeploymentPostprocessing = 0;
		};
/* End PBXSourcesBuildPhase section */

/* Begin XCBuildConfiguration section */
		F6E1C09F2B722EE800A05703 /* Debug */ = {
			isa = XCBuildConfiguration;
			baseConfigurationReference = E5ACB6A62C099BC800C9E94F /* Config.xcconfig */;
			buildSettings = {
				ALWAYS_SEARCH_USER_PATHS = NO;
				ASSETCATALOG_COMPILER_GENERATE_SWIFT_ASSET_SYMBOL_EXTENSIONS = YES;
				CLANG_ANALYZER_NONNULL = YES;
				CLANG_ANALYZER_NUMBER_OBJECT_CONVERSION = YES_AGGRESSIVE;
				CLANG_CXX_LANGUAGE_STANDARD = "gnu++20";
				CLANG_ENABLE_MODULES = YES;
				CLANG_ENABLE_OBJC_ARC = YES;
				CLANG_ENABLE_OBJC_WEAK = YES;
				CLANG_WARN_BLOCK_CAPTURE_AUTORELEASING = YES;
				CLANG_WARN_BOOL_CONVERSION = YES;
				CLANG_WARN_COMMA = YES;
				CLANG_WARN_CONSTANT_CONVERSION = YES;
				CLANG_WARN_DEPRECATED_OBJC_IMPLEMENTATIONS = YES;
				CLANG_WARN_DIRECT_OBJC_ISA_USAGE = YES_ERROR;
				CLANG_WARN_DOCUMENTATION_COMMENTS = YES;
				CLANG_WARN_EMPTY_BODY = YES;
				CLANG_WARN_ENUM_CONVERSION = YES;
				CLANG_WARN_INFINITE_RECURSION = YES;
				CLANG_WARN_INT_CONVERSION = YES;
				CLANG_WARN_NON_LITERAL_NULL_CONVERSION = YES;
				CLANG_WARN_OBJC_IMPLICIT_RETAIN_SELF = YES;
				CLANG_WARN_OBJC_LITERAL_CONVERSION = YES;
				CLANG_WARN_OBJC_ROOT_CLASS = YES_ERROR;
				CLANG_WARN_QUOTED_INCLUDE_IN_FRAMEWORK_HEADER = YES;
				CLANG_WARN_RANGE_LOOP_ANALYSIS = YES;
				CLANG_WARN_STRICT_PROTOTYPES = YES;
				CLANG_WARN_SUSPICIOUS_MOVE = YES;
				CLANG_WARN_UNGUARDED_AVAILABILITY = YES_AGGRESSIVE;
				CLANG_WARN_UNREACHABLE_CODE = YES;
				CLANG_WARN__DUPLICATE_METHOD_MATCH = YES;
				COPY_PHASE_STRIP = NO;
				DEBUG_INFORMATION_FORMAT = dwarf;
				ENABLE_STRICT_OBJC_MSGSEND = YES;
				ENABLE_TESTABILITY = YES;
				ENABLE_USER_SCRIPT_SANDBOXING = YES;
				GCC_C_LANGUAGE_STANDARD = gnu17;
				GCC_DYNAMIC_NO_PIC = NO;
				GCC_NO_COMMON_BLOCKS = YES;
				GCC_OPTIMIZATION_LEVEL = 0;
				GCC_PREPROCESSOR_DEFINITIONS = (
					"DEBUG=1",
					"$(inherited)",
				);
				GCC_WARN_64_TO_32_BIT_CONVERSION = YES;
				GCC_WARN_ABOUT_RETURN_TYPE = YES_ERROR;
				GCC_WARN_UNDECLARED_SELECTOR = YES;
				GCC_WARN_UNINITIALIZED_AUTOS = YES_AGGRESSIVE;
				GCC_WARN_UNUSED_FUNCTION = YES;
				GCC_WARN_UNUSED_VARIABLE = YES;
				IPHONEOS_DEPLOYMENT_TARGET = 16.0;
				LOCALIZATION_PREFERS_STRING_CATALOGS = YES;
				MTL_ENABLE_DEBUG_INFO = INCLUDE_SOURCE;
				MTL_FAST_MATH = YES;
				ONLY_ACTIVE_ARCH = YES;
				SDKROOT = iphoneos;
				SWIFT_ACTIVE_COMPILATION_CONDITIONS = "DEBUG $(inherited)";
				SWIFT_OPTIMIZATION_LEVEL = "-Onone";
			};
			name = Debug;
		};
		F6E1C0A02B722EE800A05703 /* Release */ = {
			isa = XCBuildConfiguration;
			baseConfigurationReference = E5ACB6A62C099BC800C9E94F /* Config.xcconfig */;
			buildSettings = {
				ALWAYS_SEARCH_USER_PATHS = NO;
				ASSETCATALOG_COMPILER_GENERATE_SWIFT_ASSET_SYMBOL_EXTENSIONS = YES;
				CLANG_ANALYZER_NONNULL = YES;
				CLANG_ANALYZER_NUMBER_OBJECT_CONVERSION = YES_AGGRESSIVE;
				CLANG_CXX_LANGUAGE_STANDARD = "gnu++20";
				CLANG_ENABLE_MODULES = YES;
				CLANG_ENABLE_OBJC_ARC = YES;
				CLANG_ENABLE_OBJC_WEAK = YES;
				CLANG_WARN_BLOCK_CAPTURE_AUTORELEASING = YES;
				CLANG_WARN_BOOL_CONVERSION = YES;
				CLANG_WARN_COMMA = YES;
				CLANG_WARN_CONSTANT_CONVERSION = YES;
				CLANG_WARN_DEPRECATED_OBJC_IMPLEMENTATIONS = YES;
				CLANG_WARN_DIRECT_OBJC_ISA_USAGE = YES_ERROR;
				CLANG_WARN_DOCUMENTATION_COMMENTS = YES;
				CLANG_WARN_EMPTY_BODY = YES;
				CLANG_WARN_ENUM_CONVERSION = YES;
				CLANG_WARN_INFINITE_RECURSION = YES;
				CLANG_WARN_INT_CONVERSION = YES;
				CLANG_WARN_NON_LITERAL_NULL_CONVERSION = YES;
				CLANG_WARN_OBJC_IMPLICIT_RETAIN_SELF = YES;
				CLANG_WARN_OBJC_LITERAL_CONVERSION = YES;
				CLANG_WARN_OBJC_ROOT_CLASS = YES_ERROR;
				CLANG_WARN_QUOTED_INCLUDE_IN_FRAMEWORK_HEADER = YES;
				CLANG_WARN_RANGE_LOOP_ANALYSIS = YES;
				CLANG_WARN_STRICT_PROTOTYPES = YES;
				CLANG_WARN_SUSPICIOUS_MOVE = YES;
				CLANG_WARN_UNGUARDED_AVAILABILITY = YES_AGGRESSIVE;
				CLANG_WARN_UNREACHABLE_CODE = YES;
				CLANG_WARN__DUPLICATE_METHOD_MATCH = YES;
				COPY_PHASE_STRIP = NO;
				DEBUG_INFORMATION_FORMAT = "dwarf-with-dsym";
				ENABLE_NS_ASSERTIONS = NO;
				ENABLE_STRICT_OBJC_MSGSEND = YES;
				ENABLE_USER_SCRIPT_SANDBOXING = YES;
				GCC_C_LANGUAGE_STANDARD = gnu17;
				GCC_NO_COMMON_BLOCKS = YES;
				GCC_WARN_64_TO_32_BIT_CONVERSION = YES;
				GCC_WARN_ABOUT_RETURN_TYPE = YES_ERROR;
				GCC_WARN_UNDECLARED_SELECTOR = YES;
				GCC_WARN_UNINITIALIZED_AUTOS = YES_AGGRESSIVE;
				GCC_WARN_UNUSED_FUNCTION = YES;
				GCC_WARN_UNUSED_VARIABLE = YES;
				IPHONEOS_DEPLOYMENT_TARGET = 16.0;
				LOCALIZATION_PREFERS_STRING_CATALOGS = YES;
				MTL_ENABLE_DEBUG_INFO = NO;
				MTL_FAST_MATH = YES;
				SDKROOT = iphoneos;
				SWIFT_COMPILATION_MODE = wholemodule;
				VALIDATE_PRODUCT = YES;
			};
			name = Release;
		};
		F6E1C0A22B722EE800A05703 /* Debug */ = {
			isa = XCBuildConfiguration;
			buildSettings = {
				ASSETCATALOG_COMPILER_APPICON_NAME = AppIcon;
				ASSETCATALOG_COMPILER_GLOBAL_ACCENT_COLOR_NAME = AccentColor;
				CODE_SIGN_ENTITLEMENTS = EatCook/EatCook.entitlements;
				CODE_SIGN_IDENTITY = "Apple Development";
				"CODE_SIGN_IDENTITY[sdk=iphoneos*]" = "iPhone Developer";
				CODE_SIGN_STYLE = Manual;
				CURRENT_PROJECT_VERSION = 1;
				DEVELOPMENT_ASSET_PATHS = "\"EatCook/Preview Content\"";
				DEVELOPMENT_TEAM = "";
				"DEVELOPMENT_TEAM[sdk=iphoneos*]" = FJNF7APGSX;
				ENABLE_PREVIEWS = YES;
				GENERATE_INFOPLIST_FILE = YES;
				INFOPLIST_FILE = EatCook/Info.plist;
				INFOPLIST_KEY_UIApplicationSceneManifest_Generation = YES;
				INFOPLIST_KEY_UIApplicationSupportsIndirectInputEvents = YES;
				INFOPLIST_KEY_UILaunchScreen_Generation = YES;
				INFOPLIST_KEY_UISupportedInterfaceOrientations = UIInterfaceOrientationPortrait;
				INFOPLIST_KEY_UISupportedInterfaceOrientations_iPad = "UIInterfaceOrientationLandscapeLeft UIInterfaceOrientationLandscapeRight UIInterfaceOrientationPortrait UIInterfaceOrientationPortraitUpsideDown";
				IPHONEOS_DEPLOYMENT_TARGET = 16.0;
				LD_RUNPATH_SEARCH_PATHS = (
					"$(inherited)",
					"@executable_path/Frameworks",
				);
				MARKETING_VERSION = 1.0;
				PRODUCT_BUNDLE_IDENTIFIER = com.rOarMJ.EatCook;
				PRODUCT_NAME = "$(TARGET_NAME)";
				PROVISIONING_PROFILE_SPECIFIER = "";
				"PROVISIONING_PROFILE_SPECIFIER[sdk=iphoneos*]" = DebugProvisioning;
				SUPPORTED_PLATFORMS = "iphoneos iphonesimulator";
				SUPPORTS_MACCATALYST = NO;
				SUPPORTS_MAC_DESIGNED_FOR_IPHONE_IPAD = NO;
				SWIFT_EMIT_LOC_STRINGS = YES;
				SWIFT_VERSION = 5.0;
				TARGETED_DEVICE_FAMILY = 1;
			};
			name = Debug;
		};
		F6E1C0A32B722EE800A05703 /* Release */ = {
			isa = XCBuildConfiguration;
			buildSettings = {
				ASSETCATALOG_COMPILER_APPICON_NAME = AppIcon;
				ASSETCATALOG_COMPILER_GLOBAL_ACCENT_COLOR_NAME = AccentColor;
				CODE_SIGN_ENTITLEMENTS = EatCook/EatCook.entitlements;
				CODE_SIGN_IDENTITY = "Apple Development";
				"CODE_SIGN_IDENTITY[sdk=iphoneos*]" = "iPhone Developer";
				CODE_SIGN_STYLE = Manual;
				CURRENT_PROJECT_VERSION = 1;
				DEVELOPMENT_ASSET_PATHS = "\"EatCook/Preview Content\"";
				DEVELOPMENT_TEAM = "";
				"DEVELOPMENT_TEAM[sdk=iphoneos*]" = FJNF7APGSX;
				ENABLE_PREVIEWS = YES;
				GENERATE_INFOPLIST_FILE = YES;
				INFOPLIST_FILE = EatCook/Info.plist;
				INFOPLIST_KEY_UIApplicationSceneManifest_Generation = YES;
				INFOPLIST_KEY_UIApplicationSupportsIndirectInputEvents = YES;
				INFOPLIST_KEY_UILaunchScreen_Generation = YES;
				INFOPLIST_KEY_UISupportedInterfaceOrientations = UIInterfaceOrientationPortrait;
				INFOPLIST_KEY_UISupportedInterfaceOrientations_iPad = "UIInterfaceOrientationLandscapeLeft UIInterfaceOrientationLandscapeRight UIInterfaceOrientationPortrait UIInterfaceOrientationPortraitUpsideDown";
				IPHONEOS_DEPLOYMENT_TARGET = 16.0;
				LD_RUNPATH_SEARCH_PATHS = (
					"$(inherited)",
					"@executable_path/Frameworks",
				);
				MARKETING_VERSION = 1.0;
				PRODUCT_BUNDLE_IDENTIFIER = com.rOarMJ.EatCook;
				PRODUCT_NAME = "$(TARGET_NAME)";
				PROVISIONING_PROFILE_SPECIFIER = "";
				"PROVISIONING_PROFILE_SPECIFIER[sdk=iphoneos*]" = DebugProvisioning;
				SUPPORTED_PLATFORMS = "iphoneos iphonesimulator";
				SUPPORTS_MACCATALYST = NO;
				SUPPORTS_MAC_DESIGNED_FOR_IPHONE_IPAD = NO;
				SWIFT_EMIT_LOC_STRINGS = YES;
				SWIFT_VERSION = 5.0;
				TARGETED_DEVICE_FAMILY = 1;
			};
			name = Release;
		};
/* End XCBuildConfiguration section */

/* Begin XCConfigurationList section */
		F6E1C08E2B722EE500A05703 /* Build configuration list for PBXProject "EatCook" */ = {
			isa = XCConfigurationList;
			buildConfigurations = (
				F6E1C09F2B722EE800A05703 /* Debug */,
				F6E1C0A02B722EE800A05703 /* Release */,
			);
			defaultConfigurationIsVisible = 0;
			defaultConfigurationName = Release;
		};
		F6E1C0A12B722EE800A05703 /* Build configuration list for PBXNativeTarget "EatCook" */ = {
			isa = XCConfigurationList;
			buildConfigurations = (
				F6E1C0A22B722EE800A05703 /* Debug */,
				F6E1C0A32B722EE800A05703 /* Release */,
			);
			defaultConfigurationIsVisible = 0;
			defaultConfigurationName = Release;
		};
/* End XCConfigurationList section */

/* Begin XCRemoteSwiftPackageReference section */
		E55965352C0986FB002B3E75 /* XCRemoteSwiftPackageReference "kakao-ios-sdk" */ = {
			isa = XCRemoteSwiftPackageReference;
			repositoryURL = "https://github.com/kakao/kakao-ios-sdk";
			requirement = {
				branch = master;
				kind = branch;
			};
		};
/* End XCRemoteSwiftPackageReference section */

/* Begin XCSwiftPackageProductDependency section */
		E55965362C0986FB002B3E75 /* KakaoSDK */ = {
			isa = XCSwiftPackageProductDependency;
			package = E55965352C0986FB002B3E75 /* XCRemoteSwiftPackageReference "kakao-ios-sdk" */;
			productName = KakaoSDK;
		};
/* End XCSwiftPackageProductDependency section */
	};
	rootObject = F6E1C08B2B722EE500A05703 /* Project object */;
}
