// !$*UTF8*$!
{
	archiveVersion = 1;
	classes = {
	};
	objectVersion = 56;
	objects = {

/* Begin PBXBuildFile section */
		F6E1C0972B722EE500A05703 /* EatCookApp.swift in Sources */ = {isa = PBXBuildFile; fileRef = F6E1C0962B722EE500A05703 /* EatCookApp.swift */; };
		F6E1C0992B722EE500A05703 /* ContentView.swift in Sources */ = {isa = PBXBuildFile; fileRef = F6E1C0982B722EE500A05703 /* ContentView.swift */; };
		F6E1C09B2B722EE800A05703 /* Assets.xcassets in Resources */ = {isa = PBXBuildFile; fileRef = F6E1C09A2B722EE800A05703 /* Assets.xcassets */; };
		F6E1C09E2B722EE800A05703 /* Preview Assets.xcassets in Resources */ = {isa = PBXBuildFile; fileRef = F6E1C09D2B722EE800A05703 /* Preview Assets.xcassets */; };
		F6E1C0CD2B73CF3700A05703 /* FeedView.swift in Sources */ = {isa = PBXBuildFile; fileRef = F6E1C0CC2B73CF3700A05703 /* FeedView.swift */; };
		F6E1C0CF2B73CF3D00A05703 /* FeedViewModel.swift in Sources */ = {isa = PBXBuildFile; fileRef = F6E1C0CE2B73CF3D00A05703 /* FeedViewModel.swift */; };
		F6E1C0D12B73D1E000A05703 /* Ex.swift in Sources */ = {isa = PBXBuildFile; fileRef = F6E1C0D02B73D1E000A05703 /* Ex.swift */; };
		F6E1C0D32B73D1F800A05703 /* Util.swift in Sources */ = {isa = PBXBuildFile; fileRef = F6E1C0D22B73D1F800A05703 /* Util.swift */; };
		F6E1C0D52B73D20000A05703 /* Model.swift in Sources */ = {isa = PBXBuildFile; fileRef = F6E1C0D42B73D20000A05703 /* Model.swift */; };
		F6E1C0D72B73D20D00A05703 /* ModelDTO.swift in Sources */ = {isa = PBXBuildFile; fileRef = F6E1C0D62B73D20D00A05703 /* ModelDTO.swift */; };
		F6E1C0D92B73D21D00A05703 /* EatCookRepository.swift in Sources */ = {isa = PBXBuildFile; fileRef = F6E1C0D82B73D21D00A05703 /* EatCookRepository.swift */; };
		F6E1C0DD2B73D23300A05703 /* LoginView.swift in Sources */ = {isa = PBXBuildFile; fileRef = F6E1C0DC2B73D23300A05703 /* LoginView.swift */; };
		F6E1C0DF2B73D23B00A05703 /* LoginViewModel.swift in Sources */ = {isa = PBXBuildFile; fileRef = F6E1C0DE2B73D23B00A05703 /* LoginViewModel.swift */; };
		F6E1C0E32B73D25600A05703 /* AuthView.swift in Sources */ = {isa = PBXBuildFile; fileRef = F6E1C0E22B73D25600A05703 /* AuthView.swift */; };
		F6E1C0E52B73D25D00A05703 /* AuthViewModel.swift in Sources */ = {isa = PBXBuildFile; fileRef = F6E1C0E42B73D25D00A05703 /* AuthViewModel.swift */; };
		F6E1C0E92B73D26E00A05703 /* HomeView.swift in Sources */ = {isa = PBXBuildFile; fileRef = F6E1C0E82B73D26E00A05703 /* HomeView.swift */; };
		F6E1C0EB2B73D27600A05703 /* HomeViewModel.swift in Sources */ = {isa = PBXBuildFile; fileRef = F6E1C0EA2B73D27600A05703 /* HomeViewModel.swift */; };
		F6E1C0EF2B73D28200A05703 /* SearchView.swift in Sources */ = {isa = PBXBuildFile; fileRef = F6E1C0EE2B73D28200A05703 /* SearchView.swift */; };
		F6E1C0F12B73D28800A05703 /* SearchViewModel.swift in Sources */ = {isa = PBXBuildFile; fileRef = F6E1C0F02B73D28800A05703 /* SearchViewModel.swift */; };
		F6E1C0F32B73D29400A05703 /* RecipeView.swift in Sources */ = {isa = PBXBuildFile; fileRef = F6E1C0F22B73D29400A05703 /* RecipeView.swift */; };
		F6E1C0F52B73D29D00A05703 /* RecipeViewModel.swift in Sources */ = {isa = PBXBuildFile; fileRef = F6E1C0F42B73D29D00A05703 /* RecipeViewModel.swift */; };
		F6E1C0FB2B73D2C600A05703 /* UserProfileView.swift in Sources */ = {isa = PBXBuildFile; fileRef = F6E1C0FA2B73D2C600A05703 /* UserProfileView.swift */; };
		F6E1C0FD2B73D2CE00A05703 /* UserProfileViewModel.swift in Sources */ = {isa = PBXBuildFile; fileRef = F6E1C0FC2B73D2CE00A05703 /* UserProfileViewModel.swift */; };
		F6E1C0FF2B73D2E000A05703 /* ProfileView.swift in Sources */ = {isa = PBXBuildFile; fileRef = F6E1C0FE2B73D2E000A05703 /* ProfileView.swift */; };
		F6E1C1012B73D2E800A05703 /* ProfileViewModel.swift in Sources */ = {isa = PBXBuildFile; fileRef = F6E1C1002B73D2E800A05703 /* ProfileViewModel.swift */; };
/* End PBXBuildFile section */

/* Begin PBXFileReference section */
		F6E1C0932B722EE500A05703 /* EatCook.app */ = {isa = PBXFileReference; explicitFileType = wrapper.application; includeInIndex = 0; path = EatCook.app; sourceTree = BUILT_PRODUCTS_DIR; };
		F6E1C0962B722EE500A05703 /* EatCookApp.swift */ = {isa = PBXFileReference; lastKnownFileType = sourcecode.swift; path = EatCookApp.swift; sourceTree = "<group>"; };
		F6E1C0982B722EE500A05703 /* ContentView.swift */ = {isa = PBXFileReference; lastKnownFileType = sourcecode.swift; path = ContentView.swift; sourceTree = "<group>"; };
		F6E1C09A2B722EE800A05703 /* Assets.xcassets */ = {isa = PBXFileReference; lastKnownFileType = folder.assetcatalog; path = Assets.xcassets; sourceTree = "<group>"; };
		F6E1C09D2B722EE800A05703 /* Preview Assets.xcassets */ = {isa = PBXFileReference; lastKnownFileType = folder.assetcatalog; path = "Preview Assets.xcassets"; sourceTree = "<group>"; };
		F6E1C0CC2B73CF3700A05703 /* FeedView.swift */ = {isa = PBXFileReference; lastKnownFileType = sourcecode.swift; path = FeedView.swift; sourceTree = "<group>"; };
		F6E1C0CE2B73CF3D00A05703 /* FeedViewModel.swift */ = {isa = PBXFileReference; lastKnownFileType = sourcecode.swift; path = FeedViewModel.swift; sourceTree = "<group>"; };
		F6E1C0D02B73D1E000A05703 /* Ex.swift */ = {isa = PBXFileReference; lastKnownFileType = sourcecode.swift; path = Ex.swift; sourceTree = "<group>"; };
		F6E1C0D22B73D1F800A05703 /* Util.swift */ = {isa = PBXFileReference; lastKnownFileType = sourcecode.swift; path = Util.swift; sourceTree = "<group>"; };
		F6E1C0D42B73D20000A05703 /* Model.swift */ = {isa = PBXFileReference; lastKnownFileType = sourcecode.swift; path = Model.swift; sourceTree = "<group>"; };
		F6E1C0D62B73D20D00A05703 /* ModelDTO.swift */ = {isa = PBXFileReference; lastKnownFileType = sourcecode.swift; path = ModelDTO.swift; sourceTree = "<group>"; };
		F6E1C0D82B73D21D00A05703 /* EatCookRepository.swift */ = {isa = PBXFileReference; lastKnownFileType = sourcecode.swift; path = EatCookRepository.swift; sourceTree = "<group>"; };
		F6E1C0DC2B73D23300A05703 /* LoginView.swift */ = {isa = PBXFileReference; lastKnownFileType = sourcecode.swift; path = LoginView.swift; sourceTree = "<group>"; };
		F6E1C0DE2B73D23B00A05703 /* LoginViewModel.swift */ = {isa = PBXFileReference; lastKnownFileType = sourcecode.swift; path = LoginViewModel.swift; sourceTree = "<group>"; };
		F6E1C0E22B73D25600A05703 /* AuthView.swift */ = {isa = PBXFileReference; lastKnownFileType = sourcecode.swift; path = AuthView.swift; sourceTree = "<group>"; };
		F6E1C0E42B73D25D00A05703 /* AuthViewModel.swift */ = {isa = PBXFileReference; lastKnownFileType = sourcecode.swift; path = AuthViewModel.swift; sourceTree = "<group>"; };
		F6E1C0E82B73D26E00A05703 /* HomeView.swift */ = {isa = PBXFileReference; lastKnownFileType = sourcecode.swift; path = HomeView.swift; sourceTree = "<group>"; };
		F6E1C0EA2B73D27600A05703 /* HomeViewModel.swift */ = {isa = PBXFileReference; lastKnownFileType = sourcecode.swift; path = HomeViewModel.swift; sourceTree = "<group>"; };
		F6E1C0EE2B73D28200A05703 /* SearchView.swift */ = {isa = PBXFileReference; lastKnownFileType = sourcecode.swift; path = SearchView.swift; sourceTree = "<group>"; };
		F6E1C0F02B73D28800A05703 /* SearchViewModel.swift */ = {isa = PBXFileReference; lastKnownFileType = sourcecode.swift; path = SearchViewModel.swift; sourceTree = "<group>"; };
		F6E1C0F22B73D29400A05703 /* RecipeView.swift */ = {isa = PBXFileReference; lastKnownFileType = sourcecode.swift; path = RecipeView.swift; sourceTree = "<group>"; };
		F6E1C0F42B73D29D00A05703 /* RecipeViewModel.swift */ = {isa = PBXFileReference; lastKnownFileType = sourcecode.swift; path = RecipeViewModel.swift; sourceTree = "<group>"; };
		F6E1C0FA2B73D2C600A05703 /* UserProfileView.swift */ = {isa = PBXFileReference; lastKnownFileType = sourcecode.swift; path = UserProfileView.swift; sourceTree = "<group>"; };
		F6E1C0FC2B73D2CE00A05703 /* UserProfileViewModel.swift */ = {isa = PBXFileReference; lastKnownFileType = sourcecode.swift; path = UserProfileViewModel.swift; sourceTree = "<group>"; };
		F6E1C0FE2B73D2E000A05703 /* ProfileView.swift */ = {isa = PBXFileReference; lastKnownFileType = sourcecode.swift; path = ProfileView.swift; sourceTree = "<group>"; };
		F6E1C1002B73D2E800A05703 /* ProfileViewModel.swift */ = {isa = PBXFileReference; lastKnownFileType = sourcecode.swift; path = ProfileViewModel.swift; sourceTree = "<group>"; };
/* End PBXFileReference section */

/* Begin PBXFrameworksBuildPhase section */
		F6E1C0902B722EE500A05703 /* Frameworks */ = {
			isa = PBXFrameworksBuildPhase;
			buildActionMask = 2147483647;
			files = (
			);
			runOnlyForDeploymentPostprocessing = 0;
		};
/* End PBXFrameworksBuildPhase section */

/* Begin PBXGroup section */
		F6E1C08A2B722EE500A05703 = {
			isa = PBXGroup;
			children = (
				F6E1C0952B722EE500A05703 /* EatCook */,
				F6E1C0942B722EE500A05703 /* Products */,
			);
			sourceTree = "<group>";
		};
		F6E1C0942B722EE500A05703 /* Products */ = {
			isa = PBXGroup;
			children = (
				F6E1C0932B722EE500A05703 /* EatCook.app */,
			);
			name = Products;
			sourceTree = "<group>";
		};
		F6E1C0952B722EE500A05703 /* EatCook */ = {
			isa = PBXGroup;
			children = (
				F6E1C0B72B73C62900A05703 /* Applications */,
				F6E1C0B52B73C62000A05703 /* Extensions */,
				F6E1C0B62B73C62200A05703 /* Utillites */,
				F6E1C0B42B73C61F00A05703 /* Domain */,
				F6E1C0B32B73C61E00A05703 /* Data */,
				F6E1C0B22B73C61D00A05703 /* Presentation */,
				F6E1C0B12B73C61A00A05703 /* Infrastructure */,
				F6E1C0B02B73C61600A05703 /* Resources */,
			);
			path = EatCook;
			sourceTree = "<group>";
		};
		F6E1C09C2B722EE800A05703 /* Preview Content */ = {
			isa = PBXGroup;
			children = (
				F6E1C09D2B722EE800A05703 /* Preview Assets.xcassets */,
			);
			path = "Preview Content";
			sourceTree = "<group>";
		};
		F6E1C0B02B73C61600A05703 /* Resources */ = {
			isa = PBXGroup;
			children = (
				F6E1C0BC2B73C70400A05703 /* Font */,
				F6E1C09A2B722EE800A05703 /* Assets.xcassets */,
				F6E1C09C2B722EE800A05703 /* Preview Content */,
			);
			path = Resources;
			sourceTree = "<group>";
		};
		F6E1C0B12B73C61A00A05703 /* Infrastructure */ = {
			isa = PBXGroup;
			children = (
				F6E1C0BB2B73C6DA00A05703 /* Network */,
			);
			path = Infrastructure;
			sourceTree = "<group>";
		};
		F6E1C0B22B73C61D00A05703 /* Presentation */ = {
			isa = PBXGroup;
			children = (
				F6E1C0982B722EE500A05703 /* ContentView.swift */,
				F6E1C0C22B73C71900A05703 /* Login */,
				F6E1C0C12B73C71800A05703 /* Authentication */,
				F6E1C0C02B73C71700A05703 /* Home */,
				F6E1C0BF2B73C71600A05703 /* Search */,
				F6E1C0BE2B73C71400A05703 /* CookTalk */,
				F6E1C0C72B73C7FC00A05703 /* User */,
				F6E1C0BD2B73C71200A05703 /* Profile */,
			);
			path = Presentation;
			sourceTree = "<group>";
		};
		F6E1C0B32B73C61E00A05703 /* Data */ = {
			isa = PBXGroup;
			children = (
				F6E1C0BA2B73C6B800A05703 /* Repository */,
				F6E1C0B92B73C6B400A05703 /* DataMapping */,
			);
			path = Data;
			sourceTree = "<group>";
		};
		F6E1C0B42B73C61F00A05703 /* Domain */ = {
			isa = PBXGroup;
			children = (
				F6E1C0B82B73C69D00A05703 /* Model */,
			);
			path = Domain;
			sourceTree = "<group>";
		};
		F6E1C0B52B73C62000A05703 /* Extensions */ = {
			isa = PBXGroup;
			children = (
				F6E1C0D02B73D1E000A05703 /* Ex.swift */,
			);
			path = Extensions;
			sourceTree = "<group>";
		};
		F6E1C0B62B73C62200A05703 /* Utillites */ = {
			isa = PBXGroup;
			children = (
				F6E1C0D22B73D1F800A05703 /* Util.swift */,
			);
			path = Utillites;
			sourceTree = "<group>";
		};
		F6E1C0B72B73C62900A05703 /* Applications */ = {
			isa = PBXGroup;
			children = (
				F6E1C0962B722EE500A05703 /* EatCookApp.swift */,
			);
			path = Applications;
			sourceTree = "<group>";
		};
		F6E1C0B82B73C69D00A05703 /* Model */ = {
			isa = PBXGroup;
			children = (
				F6E1C0D42B73D20000A05703 /* Model.swift */,
			);
			path = Model;
			sourceTree = "<group>";
		};
		F6E1C0B92B73C6B400A05703 /* DataMapping */ = {
			isa = PBXGroup;
			children = (
				F6E1C0D62B73D20D00A05703 /* ModelDTO.swift */,
			);
			path = DataMapping;
			sourceTree = "<group>";
		};
		F6E1C0BA2B73C6B800A05703 /* Repository */ = {
			isa = PBXGroup;
			children = (
				F6E1C0D82B73D21D00A05703 /* EatCookRepository.swift */,
			);
			path = Repository;
			sourceTree = "<group>";
		};
		F6E1C0BB2B73C6DA00A05703 /* Network */ = {
			isa = PBXGroup;
			children = (
			);
			path = Network;
			sourceTree = "<group>";
		};
		F6E1C0BC2B73C70400A05703 /* Font */ = {
			isa = PBXGroup;
			children = (
			);
			path = Font;
			sourceTree = "<group>";
		};
		F6E1C0BD2B73C71200A05703 /* Profile */ = {
			isa = PBXGroup;
			children = (
				F6E1C0F92B73D2AE00A05703 /* View */,
				F6E1C0F82B73D2AB00A05703 /* ViewModel */,
			);
			path = Profile;
			sourceTree = "<group>";
		};
		F6E1C0BE2B73C71400A05703 /* CookTalk */ = {
			isa = PBXGroup;
			children = (
				F6E1C0C32B73C7BB00A05703 /* Feed */,
				F6E1C0C42B73C7BE00A05703 /* Recipe */,
			);
			path = CookTalk;
			sourceTree = "<group>";
		};
		F6E1C0BF2B73C71600A05703 /* Search */ = {
			isa = PBXGroup;
			children = (
				F6E1C0ED2B73D27900A05703 /* View */,
				F6E1C0EC2B73D27800A05703 /* ViewModel */,
			);
			path = Search;
			sourceTree = "<group>";
		};
		F6E1C0C02B73C71700A05703 /* Home */ = {
			isa = PBXGroup;
			children = (
				F6E1C0E62B73D25F00A05703 /* View */,
				F6E1C0E72B73D26100A05703 /* ViewModel */,
			);
			path = Home;
			sourceTree = "<group>";
		};
		F6E1C0C12B73C71800A05703 /* Authentication */ = {
			isa = PBXGroup;
			children = (
				F6E1C0E12B73D23F00A05703 /* View */,
				F6E1C0E02B73D23E00A05703 /* ViewModel */,
			);
			path = Authentication;
			sourceTree = "<group>";
		};
		F6E1C0C22B73C71900A05703 /* Login */ = {
			isa = PBXGroup;
			children = (
				F6E1C0DB2B73D22300A05703 /* View */,
				F6E1C0DA2B73D22000A05703 /* ViewModel */,
			);
			path = Login;
			sourceTree = "<group>";
		};
		F6E1C0C32B73C7BB00A05703 /* Feed */ = {
			isa = PBXGroup;
			children = (
				F6E1C0C92B73C81500A05703 /* View */,
				F6E1C0C82B73C81400A05703 /* ViewModel */,
			);
			path = Feed;
			sourceTree = "<group>";
		};
		F6E1C0C42B73C7BE00A05703 /* Recipe */ = {
			isa = PBXGroup;
			children = (
				F6E1C0CB2B73C81800A05703 /* View */,
				F6E1C0CA2B73C81700A05703 /* ViewModel */,
			);
			path = Recipe;
			sourceTree = "<group>";
		};
		F6E1C0C72B73C7FC00A05703 /* User */ = {
			isa = PBXGroup;
			children = (
				F6E1C0F72B73D2A400A05703 /* View */,
				F6E1C0F62B73D2A200A05703 /* ViewModel */,
			);
			path = User;
			sourceTree = "<group>";
		};
		F6E1C0C82B73C81400A05703 /* ViewModel */ = {
			isa = PBXGroup;
			children = (
				F6E1C0CE2B73CF3D00A05703 /* FeedViewModel.swift */,
			);
			path = ViewModel;
			sourceTree = "<group>";
		};
		F6E1C0C92B73C81500A05703 /* View */ = {
			isa = PBXGroup;
			children = (
				F6E1C0CC2B73CF3700A05703 /* FeedView.swift */,
			);
			path = View;
			sourceTree = "<group>";
		};
		F6E1C0CA2B73C81700A05703 /* ViewModel */ = {
			isa = PBXGroup;
			children = (
				F6E1C0F42B73D29D00A05703 /* RecipeViewModel.swift */,
			);
			path = ViewModel;
			sourceTree = "<group>";
		};
		F6E1C0CB2B73C81800A05703 /* View */ = {
			isa = PBXGroup;
			children = (
				F6E1C0F22B73D29400A05703 /* RecipeView.swift */,
			);
			path = View;
			sourceTree = "<group>";
		};
		F6E1C0DA2B73D22000A05703 /* ViewModel */ = {
			isa = PBXGroup;
			children = (
				F6E1C0DE2B73D23B00A05703 /* LoginViewModel.swift */,
			);
			path = ViewModel;
			sourceTree = "<group>";
		};
		F6E1C0DB2B73D22300A05703 /* View */ = {
			isa = PBXGroup;
			children = (
				F6E1C0DC2B73D23300A05703 /* LoginView.swift */,
			);
			path = View;
			sourceTree = "<group>";
		};
		F6E1C0E02B73D23E00A05703 /* ViewModel */ = {
			isa = PBXGroup;
			children = (
				F6E1C0E42B73D25D00A05703 /* AuthViewModel.swift */,
			);
			path = ViewModel;
			sourceTree = "<group>";
		};
		F6E1C0E12B73D23F00A05703 /* View */ = {
			isa = PBXGroup;
			children = (
				F6E1C0E22B73D25600A05703 /* AuthView.swift */,
			);
			path = View;
			sourceTree = "<group>";
		};
		F6E1C0E62B73D25F00A05703 /* View */ = {
			isa = PBXGroup;
			children = (
				F6E1C0E82B73D26E00A05703 /* HomeView.swift */,
			);
			path = View;
			sourceTree = "<group>";
		};
		F6E1C0E72B73D26100A05703 /* ViewModel */ = {
			isa = PBXGroup;
			children = (
				F6E1C0EA2B73D27600A05703 /* HomeViewModel.swift */,
			);
			path = ViewModel;
			sourceTree = "<group>";
		};
		F6E1C0EC2B73D27800A05703 /* ViewModel */ = {
			isa = PBXGroup;
			children = (
				F6E1C0F02B73D28800A05703 /* SearchViewModel.swift */,
			);
			path = ViewModel;
			sourceTree = "<group>";
		};
		F6E1C0ED2B73D27900A05703 /* View */ = {
			isa = PBXGroup;
			children = (
				F6E1C0EE2B73D28200A05703 /* SearchView.swift */,
			);
			path = View;
			sourceTree = "<group>";
		};
		F6E1C0F62B73D2A200A05703 /* ViewModel */ = {
			isa = PBXGroup;
			children = (
				F6E1C0FC2B73D2CE00A05703 /* UserProfileViewModel.swift */,
			);
			path = ViewModel;
			sourceTree = "<group>";
		};
		F6E1C0F72B73D2A400A05703 /* View */ = {
			isa = PBXGroup;
			children = (
				F6E1C0FA2B73D2C600A05703 /* UserProfileView.swift */,
			);
			path = View;
			sourceTree = "<group>";
		};
		F6E1C0F82B73D2AB00A05703 /* ViewModel */ = {
			isa = PBXGroup;
			children = (
				F6E1C1002B73D2E800A05703 /* ProfileViewModel.swift */,
			);
			path = ViewModel;
			sourceTree = "<group>";
		};
		F6E1C0F92B73D2AE00A05703 /* View */ = {
			isa = PBXGroup;
			children = (
				F6E1C0FE2B73D2E000A05703 /* ProfileView.swift */,
			);
			path = View;
			sourceTree = "<group>";
		};
/* End PBXGroup section */

/* Begin PBXNativeTarget section */
		F6E1C0922B722EE500A05703 /* EatCook */ = {
			isa = PBXNativeTarget;
			buildConfigurationList = F6E1C0A12B722EE800A05703 /* Build configuration list for PBXNativeTarget "EatCook" */;
			buildPhases = (
				F6E1C08F2B722EE500A05703 /* Sources */,
				F6E1C0902B722EE500A05703 /* Frameworks */,
				F6E1C0912B722EE500A05703 /* Resources */,
			);
			buildRules = (
			);
			dependencies = (
			);
			name = EatCook;
			productName = EatCook;
			productReference = F6E1C0932B722EE500A05703 /* EatCook.app */;
			productType = "com.apple.product-type.application";
		};
/* End PBXNativeTarget section */

/* Begin PBXProject section */
		F6E1C08B2B722EE500A05703 /* Project object */ = {
			isa = PBXProject;
			attributes = {
				BuildIndependentTargetsInParallel = 1;
				LastSwiftUpdateCheck = 1510;
				LastUpgradeCheck = 1510;
				TargetAttributes = {
					F6E1C0922B722EE500A05703 = {
						CreatedOnToolsVersion = 15.1;
					};
				};
			};
			buildConfigurationList = F6E1C08E2B722EE500A05703 /* Build configuration list for PBXProject "EatCook" */;
			compatibilityVersion = "Xcode 14.0";
			developmentRegion = en;
			hasScannedForEncodings = 0;
			knownRegions = (
				en,
				Base,
			);
			mainGroup = F6E1C08A2B722EE500A05703;
			productRefGroup = F6E1C0942B722EE500A05703 /* Products */;
			projectDirPath = "";
			projectRoot = "";
			targets = (
				F6E1C0922B722EE500A05703 /* EatCook */,
			);
		};
/* End PBXProject section */

/* Begin PBXResourcesBuildPhase section */
		F6E1C0912B722EE500A05703 /* Resources */ = {
			isa = PBXResourcesBuildPhase;
			buildActionMask = 2147483647;
			files = (
				F6E1C09E2B722EE800A05703 /* Preview Assets.xcassets in Resources */,
				F6E1C09B2B722EE800A05703 /* Assets.xcassets in Resources */,
			);
			runOnlyForDeploymentPostprocessing = 0;
		};
/* End PBXResourcesBuildPhase section */

/* Begin PBXSourcesBuildPhase section */
		F6E1C08F2B722EE500A05703 /* Sources */ = {
			isa = PBXSourcesBuildPhase;
			buildActionMask = 2147483647;
			files = (
				F6E1C0F32B73D29400A05703 /* RecipeView.swift in Sources */,
				F6E1C0F52B73D29D00A05703 /* RecipeViewModel.swift in Sources */,
				F6E1C0D52B73D20000A05703 /* Model.swift in Sources */,
				F6E1C0E92B73D26E00A05703 /* HomeView.swift in Sources */,
				F6E1C0D72B73D20D00A05703 /* ModelDTO.swift in Sources */,
				F6E1C0E32B73D25600A05703 /* AuthView.swift in Sources */,
				F6E1C0DF2B73D23B00A05703 /* LoginViewModel.swift in Sources */,
				F6E1C0992B722EE500A05703 /* ContentView.swift in Sources */,
				F6E1C0D32B73D1F800A05703 /* Util.swift in Sources */,
				F6E1C0CD2B73CF3700A05703 /* FeedView.swift in Sources */,
				F6E1C0D92B73D21D00A05703 /* EatCookRepository.swift in Sources */,
				F6E1C0CF2B73CF3D00A05703 /* FeedViewModel.swift in Sources */,
				F6E1C0D12B73D1E000A05703 /* Ex.swift in Sources */,
				F6E1C0DD2B73D23300A05703 /* LoginView.swift in Sources */,
				F6E1C0EF2B73D28200A05703 /* SearchView.swift in Sources */,
				F6E1C1012B73D2E800A05703 /* ProfileViewModel.swift in Sources */,
				F6E1C0FB2B73D2C600A05703 /* UserProfileView.swift in Sources */,
				F6E1C0E52B73D25D00A05703 /* AuthViewModel.swift in Sources */,
				F6E1C0FD2B73D2CE00A05703 /* UserProfileViewModel.swift in Sources */,
				F6E1C0F12B73D28800A05703 /* SearchViewModel.swift in Sources */,
				F6E1C0EB2B73D27600A05703 /* HomeViewModel.swift in Sources */,
				F6E1C0FF2B73D2E000A05703 /* ProfileView.swift in Sources */,
				F6E1C0972B722EE500A05703 /* EatCookApp.swift in Sources */,
			);
			runOnlyForDeploymentPostprocessing = 0;
		};
/* End PBXSourcesBuildPhase section */

/* Begin XCBuildConfiguration section */
		F6E1C09F2B722EE800A05703 /* Debug */ = {
			isa = XCBuildConfiguration;
			buildSettings = {
				ALWAYS_SEARCH_USER_PATHS = NO;
				ASSETCATALOG_COMPILER_GENERATE_SWIFT_ASSET_SYMBOL_EXTENSIONS = YES;
				CLANG_ANALYZER_NONNULL = YES;
				CLANG_ANALYZER_NUMBER_OBJECT_CONVERSION = YES_AGGRESSIVE;
				CLANG_CXX_LANGUAGE_STANDARD = "gnu++20";
				CLANG_ENABLE_MODULES = YES;
				CLANG_ENABLE_OBJC_ARC = YES;
				CLANG_ENABLE_OBJC_WEAK = YES;
				CLANG_WARN_BLOCK_CAPTURE_AUTORELEASING = YES;
				CLANG_WARN_BOOL_CONVERSION = YES;
				CLANG_WARN_COMMA = YES;
				CLANG_WARN_CONSTANT_CONVERSION = YES;
				CLANG_WARN_DEPRECATED_OBJC_IMPLEMENTATIONS = YES;
				CLANG_WARN_DIRECT_OBJC_ISA_USAGE = YES_ERROR;
				CLANG_WARN_DOCUMENTATION_COMMENTS = YES;
				CLANG_WARN_EMPTY_BODY = YES;
				CLANG_WARN_ENUM_CONVERSION = YES;
				CLANG_WARN_INFINITE_RECURSION = YES;
				CLANG_WARN_INT_CONVERSION = YES;
				CLANG_WARN_NON_LITERAL_NULL_CONVERSION = YES;
				CLANG_WARN_OBJC_IMPLICIT_RETAIN_SELF = YES;
				CLANG_WARN_OBJC_LITERAL_CONVERSION = YES;
				CLANG_WARN_OBJC_ROOT_CLASS = YES_ERROR;
				CLANG_WARN_QUOTED_INCLUDE_IN_FRAMEWORK_HEADER = YES;
				CLANG_WARN_RANGE_LOOP_ANALYSIS = YES;
				CLANG_WARN_STRICT_PROTOTYPES = YES;
				CLANG_WARN_SUSPICIOUS_MOVE = YES;
				CLANG_WARN_UNGUARDED_AVAILABILITY = YES_AGGRESSIVE;
				CLANG_WARN_UNREACHABLE_CODE = YES;
				CLANG_WARN__DUPLICATE_METHOD_MATCH = YES;
				COPY_PHASE_STRIP = NO;
				DEBUG_INFORMATION_FORMAT = dwarf;
				ENABLE_STRICT_OBJC_MSGSEND = YES;
				ENABLE_TESTABILITY = YES;
				ENABLE_USER_SCRIPT_SANDBOXING = YES;
				GCC_C_LANGUAGE_STANDARD = gnu17;
				GCC_DYNAMIC_NO_PIC = NO;
				GCC_NO_COMMON_BLOCKS = YES;
				GCC_OPTIMIZATION_LEVEL = 0;
				GCC_PREPROCESSOR_DEFINITIONS = (
					"DEBUG=1",
					"$(inherited)",
				);
				GCC_WARN_64_TO_32_BIT_CONVERSION = YES;
				GCC_WARN_ABOUT_RETURN_TYPE = YES_ERROR;
				GCC_WARN_UNDECLARED_SELECTOR = YES;
				GCC_WARN_UNINITIALIZED_AUTOS = YES_AGGRESSIVE;
				GCC_WARN_UNUSED_FUNCTION = YES;
				GCC_WARN_UNUSED_VARIABLE = YES;
				IPHONEOS_DEPLOYMENT_TARGET = 17.0;
				LOCALIZATION_PREFERS_STRING_CATALOGS = YES;
				MTL_ENABLE_DEBUG_INFO = INCLUDE_SOURCE;
				MTL_FAST_MATH = YES;
				ONLY_ACTIVE_ARCH = YES;
				SDKROOT = iphoneos;
				SWIFT_ACTIVE_COMPILATION_CONDITIONS = "DEBUG $(inherited)";
				SWIFT_OPTIMIZATION_LEVEL = "-Onone";
			};
			name = Debug;
		};
		F6E1C0A02B722EE800A05703 /* Release */ = {
			isa = XCBuildConfiguration;
			buildSettings = {
				ALWAYS_SEARCH_USER_PATHS = NO;
				ASSETCATALOG_COMPILER_GENERATE_SWIFT_ASSET_SYMBOL_EXTENSIONS = YES;
				CLANG_ANALYZER_NONNULL = YES;
				CLANG_ANALYZER_NUMBER_OBJECT_CONVERSION = YES_AGGRESSIVE;
				CLANG_CXX_LANGUAGE_STANDARD = "gnu++20";
				CLANG_ENABLE_MODULES = YES;
				CLANG_ENABLE_OBJC_ARC = YES;
				CLANG_ENABLE_OBJC_WEAK = YES;
				CLANG_WARN_BLOCK_CAPTURE_AUTORELEASING = YES;
				CLANG_WARN_BOOL_CONVERSION = YES;
				CLANG_WARN_COMMA = YES;
				CLANG_WARN_CONSTANT_CONVERSION = YES;
				CLANG_WARN_DEPRECATED_OBJC_IMPLEMENTATIONS = YES;
				CLANG_WARN_DIRECT_OBJC_ISA_USAGE = YES_ERROR;
				CLANG_WARN_DOCUMENTATION_COMMENTS = YES;
				CLANG_WARN_EMPTY_BODY = YES;
				CLANG_WARN_ENUM_CONVERSION = YES;
				CLANG_WARN_INFINITE_RECURSION = YES;
				CLANG_WARN_INT_CONVERSION = YES;
				CLANG_WARN_NON_LITERAL_NULL_CONVERSION = YES;
				CLANG_WARN_OBJC_IMPLICIT_RETAIN_SELF = YES;
				CLANG_WARN_OBJC_LITERAL_CONVERSION = YES;
				CLANG_WARN_OBJC_ROOT_CLASS = YES_ERROR;
				CLANG_WARN_QUOTED_INCLUDE_IN_FRAMEWORK_HEADER = YES;
				CLANG_WARN_RANGE_LOOP_ANALYSIS = YES;
				CLANG_WARN_STRICT_PROTOTYPES = YES;
				CLANG_WARN_SUSPICIOUS_MOVE = YES;
				CLANG_WARN_UNGUARDED_AVAILABILITY = YES_AGGRESSIVE;
				CLANG_WARN_UNREACHABLE_CODE = YES;
				CLANG_WARN__DUPLICATE_METHOD_MATCH = YES;
				COPY_PHASE_STRIP = NO;
				DEBUG_INFORMATION_FORMAT = "dwarf-with-dsym";
				ENABLE_NS_ASSERTIONS = NO;
				ENABLE_STRICT_OBJC_MSGSEND = YES;
				ENABLE_USER_SCRIPT_SANDBOXING = YES;
				GCC_C_LANGUAGE_STANDARD = gnu17;
				GCC_NO_COMMON_BLOCKS = YES;
				GCC_WARN_64_TO_32_BIT_CONVERSION = YES;
				GCC_WARN_ABOUT_RETURN_TYPE = YES_ERROR;
				GCC_WARN_UNDECLARED_SELECTOR = YES;
				GCC_WARN_UNINITIALIZED_AUTOS = YES_AGGRESSIVE;
				GCC_WARN_UNUSED_FUNCTION = YES;
				GCC_WARN_UNUSED_VARIABLE = YES;
				IPHONEOS_DEPLOYMENT_TARGET = 17.0;
				LOCALIZATION_PREFERS_STRING_CATALOGS = YES;
				MTL_ENABLE_DEBUG_INFO = NO;
				MTL_FAST_MATH = YES;
				SDKROOT = iphoneos;
				SWIFT_COMPILATION_MODE = wholemodule;
				VALIDATE_PRODUCT = YES;
			};
			name = Release;
		};
		F6E1C0A22B722EE800A05703 /* Debug */ = {
			isa = XCBuildConfiguration;
			buildSettings = {
				ASSETCATALOG_COMPILER_APPICON_NAME = AppIcon;
				ASSETCATALOG_COMPILER_GLOBAL_ACCENT_COLOR_NAME = AccentColor;
				CODE_SIGN_STYLE = Automatic;
				CURRENT_PROJECT_VERSION = 1;
				DEVELOPMENT_ASSET_PATHS = "\"EatCook/Preview Content\"";
				DEVELOPMENT_TEAM = FJNF7APGSX;
				ENABLE_PREVIEWS = YES;
				GENERATE_INFOPLIST_FILE = YES;
				INFOPLIST_KEY_UIApplicationSceneManifest_Generation = YES;
				INFOPLIST_KEY_UIApplicationSupportsIndirectInputEvents = YES;
				INFOPLIST_KEY_UILaunchScreen_Generation = YES;
				INFOPLIST_KEY_UISupportedInterfaceOrientations = UIInterfaceOrientationPortrait;
				INFOPLIST_KEY_UISupportedInterfaceOrientations_iPad = "UIInterfaceOrientationLandscapeLeft UIInterfaceOrientationLandscapeRight UIInterfaceOrientationPortrait UIInterfaceOrientationPortraitUpsideDown";
				IPHONEOS_DEPLOYMENT_TARGET = 17.0;
				LD_RUNPATH_SEARCH_PATHS = (
					"$(inherited)",
					"@executable_path/Frameworks",
				);
				MARKETING_VERSION = 1.0;
				PRODUCT_BUNDLE_IDENTIFIER = com.rOarMJ.EatCook;
				PRODUCT_NAME = "$(TARGET_NAME)";
				SUPPORTED_PLATFORMS = "iphoneos iphonesimulator";
				SUPPORTS_MACCATALYST = NO;
				SUPPORTS_MAC_DESIGNED_FOR_IPHONE_IPAD = NO;
				SWIFT_EMIT_LOC_STRINGS = YES;
				SWIFT_VERSION = 5.0;
				TARGETED_DEVICE_FAMILY = 1;
			};
			name = Debug;
		};
		F6E1C0A32B722EE800A05703 /* Release */ = {
			isa = XCBuildConfiguration;
			buildSettings = {
				ASSETCATALOG_COMPILER_APPICON_NAME = AppIcon;
				ASSETCATALOG_COMPILER_GLOBAL_ACCENT_COLOR_NAME = AccentColor;
				CODE_SIGN_STYLE = Automatic;
				CURRENT_PROJECT_VERSION = 1;
				DEVELOPMENT_ASSET_PATHS = "\"EatCook/Preview Content\"";
				DEVELOPMENT_TEAM = FJNF7APGSX;
				ENABLE_PREVIEWS = YES;
				GENERATE_INFOPLIST_FILE = YES;
				INFOPLIST_KEY_UIApplicationSceneManifest_Generation = YES;
				INFOPLIST_KEY_UIApplicationSupportsIndirectInputEvents = YES;
				INFOPLIST_KEY_UILaunchScreen_Generation = YES;
				INFOPLIST_KEY_UISupportedInterfaceOrientations = UIInterfaceOrientationPortrait;
				INFOPLIST_KEY_UISupportedInterfaceOrientations_iPad = "UIInterfaceOrientationLandscapeLeft UIInterfaceOrientationLandscapeRight UIInterfaceOrientationPortrait UIInterfaceOrientationPortraitUpsideDown";
				IPHONEOS_DEPLOYMENT_TARGET = 17.0;
				LD_RUNPATH_SEARCH_PATHS = (
					"$(inherited)",
					"@executable_path/Frameworks",
				);
				MARKETING_VERSION = 1.0;
				PRODUCT_BUNDLE_IDENTIFIER = com.rOarMJ.EatCook;
				PRODUCT_NAME = "$(TARGET_NAME)";
				SUPPORTED_PLATFORMS = "iphoneos iphonesimulator";
				SUPPORTS_MACCATALYST = NO;
				SUPPORTS_MAC_DESIGNED_FOR_IPHONE_IPAD = NO;
				SWIFT_EMIT_LOC_STRINGS = YES;
				SWIFT_VERSION = 5.0;
				TARGETED_DEVICE_FAMILY = 1;
			};
			name = Release;
		};
/* End XCBuildConfiguration section */

/* Begin XCConfigurationList section */
		F6E1C08E2B722EE500A05703 /* Build configuration list for PBXProject "EatCook" */ = {
			isa = XCConfigurationList;
			buildConfigurations = (
				F6E1C09F2B722EE800A05703 /* Debug */,
				F6E1C0A02B722EE800A05703 /* Release */,
			);
			defaultConfigurationIsVisible = 0;
			defaultConfigurationName = Release;
		};
		F6E1C0A12B722EE800A05703 /* Build configuration list for PBXNativeTarget "EatCook" */ = {
			isa = XCConfigurationList;
			buildConfigurations = (
				F6E1C0A22B722EE800A05703 /* Debug */,
				F6E1C0A32B722EE800A05703 /* Release */,
			);
			defaultConfigurationIsVisible = 0;
			defaultConfigurationName = Release;
		};
/* End XCConfigurationList section */
	};
	rootObject = F6E1C08B2B722EE500A05703 /* Project object */;
}
